
Microsoft Visual Studio Solution File, Format Version 12.00
# Visual Studio Version 17
VisualStudioVersion = 17.0.31903.59
MinimumVisualStudioVersion = 10.0.40219.1
Project("{2150E333-8FDC-42A3-9474-1A3956D46DE8}") = "src", "src", "{797534D9-2EC4-4A05-BD83-A1311EF4F311}"
EndProject
Project("{FAE04EC0-301F-11D3-BF4B-00C04F79EFBC}") = "FireflyFramework.Cqrs", "src\FireflyFramework.Cqrs\FireflyFramework.Cqrs.csproj", "{A741AE31-1484-48E2-89B3-0D12FB536CBE}"
EndProject
Project("{FAE04EC0-301F-11D3-BF4B-00C04F79EFBC}") = "FireflyFramework.Notifications.Core", "src\FireflyFramework.Notifications.Core\FireflyFramework.Notifications.Core.csproj", "{5908A71E-7FF3-4F93-96E9-1BBF7C50CEBD}"
EndProject
Project("{FAE04EC0-301F-11D3-BF4B-00C04F79EFBC}") = "FireflyFramework.Cache", "src\FireflyFramework.Cache\FireflyFramework.Cache.csproj", "{BD3478EE-89C0-428B-BDFA-A8323A5CD5B7}"
EndProject
Project("{FAE04EC0-301F-11D3-BF4B-00C04F79EFBC}") = "FireflyFramework.EventSourcing", "src\FireflyFramework.EventSourcing\FireflyFramework.EventSourcing.csproj", "{DECF8B70-E7E2-475D-8EFF-EFFEF3865F38}"
EndProject
Project("{FAE04EC0-301F-11D3-BF4B-00C04F79EFBC}") = "FireflyFramework.Idp.AzureAd", "src\FireflyFramework.Idp.AzureAd\FireflyFramework.Idp.AzureAd.csproj", "{47EBC42D-FE8E-41DE-A4A2-5F3650528493}"
EndProject
Project("{FAE04EC0-301F-11D3-BF4B-00C04F79EFBC}") = "FireflyFramework.Idp.AwsCognito", "src\FireflyFramework.Idp.AwsCognito\FireflyFramework.Idp.AwsCognito.csproj", "{BF1745A2-664E-4097-BD2C-4E045EE1753A}"
EndProject
Project("{FAE04EC0-301F-11D3-BF4B-00C04F79EFBC}") = "FireflyFramework.Idp.InternalDb", "src\FireflyFramework.Idp.InternalDb\FireflyFramework.Idp.InternalDb.csproj", "{D46CCC8B-BC38-4CF3-83C3-2FED4D45B668}"
EndProject
Project("{FAE04EC0-301F-11D3-BF4B-00C04F79EFBC}") = "FireflyFramework.ConfigServer", "src\FireflyFramework.ConfigServer\FireflyFramework.ConfigServer.csproj", "{6BF474D4-1C27-4007-BBB6-D2BBD35D970B}"
EndProject
Project("{FAE04EC0-301F-11D3-BF4B-00C04F79EFBC}") = "FireflyFramework.Webhooks.Web", "src\FireflyFramework.Webhooks.Web\FireflyFramework.Webhooks.Web.csproj", "{16632C0D-6671-4D05-85F4-9C004AA1E7C8}"
EndProject
Project("{FAE04EC0-301F-11D3-BF4B-00C04F79EFBC}") = "FireflyFramework.Observability", "src\FireflyFramework.Observability\FireflyFramework.Observability.csproj", "{CEDB17DE-DA04-4350-95A1-4D2B60273C70}"
EndProject
Project("{FAE04EC0-301F-11D3-BF4B-00C04F79EFBC}") = "FireflyFramework.Ecm.Storage.Aws", "src\FireflyFramework.Ecm.Storage.Aws\FireflyFramework.Ecm.Storage.Aws.csproj", "{74FFE831-62FD-4224-8F02-5AA7FD82552A}"
EndProject
Project("{FAE04EC0-301F-11D3-BF4B-00C04F79EFBC}") = "FireflyFramework.BackOffice", "src\FireflyFramework.BackOffice\FireflyFramework.BackOffice.csproj", "{8EC3F21F-AD17-4FC9-97EA-870B2592F082}"
EndProject
Project("{FAE04EC0-301F-11D3-BF4B-00C04F79EFBC}") = "FireflyFramework.Notifications.SendGrid", "src\FireflyFramework.Notifications.SendGrid\FireflyFramework.Notifications.SendGrid.csproj", "{D90B6EAB-7ACB-4D70-B01F-5D7BDABE5DCF}"
EndProject
Project("{FAE04EC0-301F-11D3-BF4B-00C04F79EFBC}") = "FireflyFramework.Ecm", "src\FireflyFramework.Ecm\FireflyFramework.Ecm.csproj", "{7D30D637-945C-42A2-B00B-DB9067350D8B}"
EndProject
Project("{FAE04EC0-301F-11D3-BF4B-00C04F79EFBC}") = "FireflyFramework.Ecm.Storage.Azure", "src\FireflyFramework.Ecm.Storage.Azure\FireflyFramework.Ecm.Storage.Azure.csproj", "{479E012D-4730-425E-8A37-7C0A1F3D2D4F}"
EndProject
Project("{FAE04EC0-301F-11D3-BF4B-00C04F79EFBC}") = "FireflyFramework.Utils", "src\FireflyFramework.Utils\FireflyFramework.Utils.csproj", "{1FA5AA78-79C7-431D-A2DD-BCEE6EBDC221}"
EndProject
Project("{FAE04EC0-301F-11D3-BF4B-00C04F79EFBC}") = "FireflyFramework.RuleEngine.Web", "src\FireflyFramework.RuleEngine.Web\FireflyFramework.RuleEngine.Web.csproj", "{519D30F0-8E67-4EAC-8542-81AD100ED946}"
EndProject
Project("{FAE04EC0-301F-11D3-BF4B-00C04F79EFBC}") = "FireflyFramework.RuleEngine.Models", "src\FireflyFramework.RuleEngine.Models\FireflyFramework.RuleEngine.Models.csproj", "{85C3933F-E90B-40C8-B74A-870148F654E5}"
EndProject
Project("{FAE04EC0-301F-11D3-BF4B-00C04F79EFBC}") = "FireflyFramework.Callbacks.Web", "src\FireflyFramework.Callbacks.Web\FireflyFramework.Callbacks.Web.csproj", "{EB64812D-52E0-437F-B41D-6AF4A918CF8F}"
EndProject
Project("{FAE04EC0-301F-11D3-BF4B-00C04F79EFBC}") = "FireflyFramework.Starter.Data", "src\FireflyFramework.Starter.Data\FireflyFramework.Starter.Data.csproj", "{B906147D-2DAC-4A09-A278-F917A4B69CBC}"
EndProject
Project("{FAE04EC0-301F-11D3-BF4B-00C04F79EFBC}") = "FireflyFramework.Webhooks.Interfaces", "src\FireflyFramework.Webhooks.Interfaces\FireflyFramework.Webhooks.Interfaces.csproj", "{36424BEA-A1A9-45EA-AC6F-E8A3D0099A61}"
EndProject
Project("{FAE04EC0-301F-11D3-BF4B-00C04F79EFBC}") = "FireflyFramework.Notifications.Resend", "src\FireflyFramework.Notifications.Resend\FireflyFramework.Notifications.Resend.csproj", "{6307BEF9-F7C5-4EED-BFFE-EDC65354D3C9}"
EndProject
Project("{FAE04EC0-301F-11D3-BF4B-00C04F79EFBC}") = "FireflyFramework.Orchestration", "src\FireflyFramework.Orchestration\FireflyFramework.Orchestration.csproj", "{05443F17-C29F-444B-BF56-37B39DE6FA19}"
EndProject
Project("{FAE04EC0-301F-11D3-BF4B-00C04F79EFBC}") = "FireflyFramework.Starter.Core", "src\FireflyFramework.Starter.Core\FireflyFramework.Starter.Core.csproj", "{81DF9E9F-DD9B-4449-872F-851008F0081C}"
EndProject
Project("{FAE04EC0-301F-11D3-BF4B-00C04F79EFBC}") = "FireflyFramework.Notifications.Twilio", "src\FireflyFramework.Notifications.Twilio\FireflyFramework.Notifications.Twilio.csproj", "{AA235F8E-9F0C-4672-A7C6-F4F8112C9AA9}"
EndProject
Project("{FAE04EC0-301F-11D3-BF4B-00C04F79EFBC}") = "FireflyFramework.Callbacks.Sdk", "src\FireflyFramework.Callbacks.Sdk\FireflyFramework.Callbacks.Sdk.csproj", "{99EFD220-5850-4843-BA87-58B003D51E2A}"
EndProject
Project("{FAE04EC0-301F-11D3-BF4B-00C04F79EFBC}") = "FireflyFramework.RuleEngine.Core", "src\FireflyFramework.RuleEngine.Core\FireflyFramework.RuleEngine.Core.csproj", "{E38FAA6D-EBD8-4FB9-9FBE-D8A1766FEDB4}"
EndProject
Project("{FAE04EC0-301F-11D3-BF4B-00C04F79EFBC}") = "FireflyFramework.RuleEngine.Sdk", "src\FireflyFramework.RuleEngine.Sdk\FireflyFramework.RuleEngine.Sdk.csproj", "{BFC8DA42-CD27-4550-84F7-B3F8921BDCFD}"
EndProject
Project("{FAE04EC0-301F-11D3-BF4B-00C04F79EFBC}") = "FireflyFramework.Notifications.Firebase", "src\FireflyFramework.Notifications.Firebase\FireflyFramework.Notifications.Firebase.csproj", "{5892D74C-5E16-47B0-BE54-6FB05DE83D5D}"
EndProject
Project("{FAE04EC0-301F-11D3-BF4B-00C04F79EFBC}") = "FireflyFramework.Plugins.Api", "src\FireflyFramework.Plugins.Api\FireflyFramework.Plugins.Api.csproj", "{C84FC947-8F1F-4FD3-B897-14EF73E46162}"
EndProject
Project("{FAE04EC0-301F-11D3-BF4B-00C04F79EFBC}") = "FireflyFramework.Callbacks.Interfaces", "src\FireflyFramework.Callbacks.Interfaces\FireflyFramework.Callbacks.Interfaces.csproj", "{66B8490A-731F-4D48-B2CA-094900D29D49}"
EndProject
Project("{FAE04EC0-301F-11D3-BF4B-00C04F79EFBC}") = "FireflyFramework.Webhooks.Core", "src\FireflyFramework.Webhooks.Core\FireflyFramework.Webhooks.Core.csproj", "{947BF2F9-888C-4D2C-9323-FBE5B82893F6}"
EndProject
Project("{FAE04EC0-301F-11D3-BF4B-00C04F79EFBC}") = "FireflyFramework.Webhooks.Sdk", "src\FireflyFramework.Webhooks.Sdk\FireflyFramework.Webhooks.Sdk.csproj", "{AEFB3507-CB7D-4AAB-B680-B7DADBBCA4A5}"
EndProject
Project("{FAE04EC0-301F-11D3-BF4B-00C04F79EFBC}") = "FireflyFramework.Eda", "src\FireflyFramework.Eda\FireflyFramework.Eda.csproj", "{01FD6646-A1F3-4905-92B4-6ED9C02F99E6}"
EndProject
Project("{FAE04EC0-301F-11D3-BF4B-00C04F79EFBC}") = "FireflyFramework.Kernel", "src\FireflyFramework.Kernel\FireflyFramework.Kernel.csproj", "{D450CCFE-5E16-40CF-81C4-DFAB6FC5613C}"
EndProject
Project("{FAE04EC0-301F-11D3-BF4B-00C04F79EFBC}") = "FireflyFramework.Client", "src\FireflyFramework.Client\FireflyFramework.Client.csproj", "{83FDBD28-9CEC-4866-BA0F-2DCE55C3A4F3}"
EndProject
Project("{FAE04EC0-301F-11D3-BF4B-00C04F79EFBC}") = "FireflyFramework.Idp", "src\FireflyFramework.Idp\FireflyFramework.Idp.csproj", "{766A2A26-E8D0-4A48-B23F-28EA256CF5D3}"
EndProject
Project("{FAE04EC0-301F-11D3-BF4B-00C04F79EFBC}") = "FireflyFramework.RuleEngine.Interfaces", "src\FireflyFramework.RuleEngine.Interfaces\FireflyFramework.RuleEngine.Interfaces.csproj", "{9B9FBA40-7B2D-4346-9CAF-349E399EE9FF}"
EndProject
Project("{FAE04EC0-301F-11D3-BF4B-00C04F79EFBC}") = "FireflyFramework.Ecm.ESignature.DocuSign", "src\FireflyFramework.Ecm.ESignature.DocuSign\FireflyFramework.Ecm.ESignature.DocuSign.csproj", "{0C101E2D-28B6-4A86-A706-EC3468AB9495}"
EndProject
Project("{FAE04EC0-301F-11D3-BF4B-00C04F79EFBC}") = "FireflyFramework.Notifications", "src\FireflyFramework.Notifications\FireflyFramework.Notifications.csproj", "{2D0AC696-2EBA-4B1E-9D5D-D97461A91725}"
EndProject
Project("{FAE04EC0-301F-11D3-BF4B-00C04F79EFBC}") = "FireflyFramework.Webhooks.Processor", "src\FireflyFramework.Webhooks.Processor\FireflyFramework.Webhooks.Processor.csproj", "{4E15FAD5-C593-426A-94AE-5D5F1662C799}"
EndProject
Project("{FAE04EC0-301F-11D3-BF4B-00C04F79EFBC}") = "FireflyFramework.Starter.Application", "src\FireflyFramework.Starter.Application\FireflyFramework.Starter.Application.csproj", "{CEB1CA00-F188-430B-83D1-6E8A02CF7AA7}"
EndProject
Project("{FAE04EC0-301F-11D3-BF4B-00C04F79EFBC}") = "FireflyFramework.Ecm.ESignature.Logalty", "src\FireflyFramework.Ecm.ESignature.Logalty\FireflyFramework.Ecm.ESignature.Logalty.csproj", "{307A3986-E325-4BF4-A457-31BEA594EC9D}"
EndProject
Project("{FAE04EC0-301F-11D3-BF4B-00C04F79EFBC}") = "FireflyFramework.Data", "src\FireflyFramework.Data\FireflyFramework.Data.csproj", "{7CE2A275-BA7B-41A2-AEA2-9B5AA5776EA8}"
EndProject
Project("{FAE04EC0-301F-11D3-BF4B-00C04F79EFBC}") = "FireflyFramework.Ecm.ESignature.AdobeSign", "src\FireflyFramework.Ecm.ESignature.AdobeSign\FireflyFramework.Ecm.ESignature.AdobeSign.csproj", "{594A60C2-06F0-46CA-A79D-4A5151ECFC71}"
EndProject
Project("{FAE04EC0-301F-11D3-BF4B-00C04F79EFBC}") = "FireflyFramework.Validators", "src\FireflyFramework.Validators\FireflyFramework.Validators.csproj", "{E21C2647-48CA-48DC-966C-4F5FCE6C41E6}"
EndProject
Project("{FAE04EC0-301F-11D3-BF4B-00C04F79EFBC}") = "FireflyFramework.Web", "src\FireflyFramework.Web\FireflyFramework.Web.csproj", "{3DE5D248-0496-4228-9F63-74B1FC05F1F4}"
EndProject
Project("{FAE04EC0-301F-11D3-BF4B-00C04F79EFBC}") = "FireflyFramework.Starter.Domain", "src\FireflyFramework.Starter.Domain\FireflyFramework.Starter.Domain.csproj", "{393D43EA-7C7E-4DAF-97B4-57CC37091235}"
EndProject
Project("{FAE04EC0-301F-11D3-BF4B-00C04F79EFBC}") = "FireflyFramework.Callbacks.Core", "src\FireflyFramework.Callbacks.Core\FireflyFramework.Callbacks.Core.csproj", "{81726AB7-AC8D-44FB-B11A-779A4AA68842}"
EndProject
Project("{FAE04EC0-301F-11D3-BF4B-00C04F79EFBC}") = "FireflyFramework.Idp.Keycloak", "src\FireflyFramework.Idp.Keycloak\FireflyFramework.Idp.Keycloak.csproj", "{9D04B27A-395A-405A-8B0A-C27CEC7C4DF2}"
EndProject
Project("{FAE04EC0-301F-11D3-BF4B-00C04F79EFBC}") = "FireflyFramework.Plugins.Core", "src\FireflyFramework.Plugins.Core\FireflyFramework.Plugins.Core.csproj", "{2ABEF42B-73DC-43D9-B5F8-EF15CE95DEE6}"
EndProject
Project("{FAE04EC0-301F-11D3-BF4B-00C04F79EFBC}") = "FireflyFramework.Callbacks.Models", "src\FireflyFramework.Callbacks.Models\FireflyFramework.Callbacks.Models.csproj", "{00B1FB8B-5210-48BF-B29D-4D2E7DADF52B}"
EndProject
Project("{2150E333-8FDC-42A3-9474-1A3956D46DE8}") = "tests", "tests", "{554FD419-314C-443B-B777-D4AD97DF95ED}"
EndProject
Project("{FAE04EC0-301F-11D3-BF4B-00C04F79EFBC}") = "FireflyFramework.Tests", "tests\FireflyFramework.Tests\FireflyFramework.Tests.csproj", "{40F5C675-AEEB-4D2C-B906-6D1041A35583}"
EndProject
Project("{2150E333-8FDC-42A3-9474-1A3956D46DE8}") = "samples", "samples", "{2D9DF0CB-672E-48D0-B36B-E3A6CA24E1B6}"
EndProject
Project("{FAE04EC0-301F-11D3-BF4B-00C04F79EFBC}") = "FireflyFramework.Samples.OrdersService.Interfaces", "samples\FireflyFramework.Samples.OrdersService.Interfaces\FireflyFramework.Samples.OrdersService.Interfaces.csproj", "{690218B6-5454-4186-BAAD-3A3226D36F2F}"
EndProject
Project("{FAE04EC0-301F-11D3-BF4B-00C04F79EFBC}") = "FireflyFramework.Samples.OrdersService.Models", "samples\FireflyFramework.Samples.OrdersService.Models\FireflyFramework.Samples.OrdersService.Models.csproj", "{7C053004-5FC5-4A7F-935A-895ED30E1996}"
EndProject
Project("{FAE04EC0-301F-11D3-BF4B-00C04F79EFBC}") = "FireflyFramework.Samples.OrdersService.Core", "samples\FireflyFramework.Samples.OrdersService.Core\FireflyFramework.Samples.OrdersService.Core.csproj", "{FD2FB5DE-050F-4BB6-BDE0-0546D6F09997}"
EndProject
Project("{FAE04EC0-301F-11D3-BF4B-00C04F79EFBC}") = "FireflyFramework.Samples.OrdersService.Web", "samples\FireflyFramework.Samples.OrdersService.Web\FireflyFramework.Samples.OrdersService.Web.csproj", "{FE090569-882A-4049-A441-3CA9CCC900B1}"
EndProject
Project("{FAE04EC0-301F-11D3-BF4B-00C04F79EFBC}") = "FireflyFramework.Samples.OrdersService.Sdk", "samples\FireflyFramework.Samples.OrdersService.Sdk\FireflyFramework.Samples.OrdersService.Sdk.csproj", "{FBD744F8-22A7-4D2F-8AC1-8A274B1FC4F9}"
EndProject
Project("{FAE04EC0-301F-11D3-BF4B-00C04F79EFBC}") = "FireflyFramework.Resilience", "src\FireflyFramework.Resilience\FireflyFramework.Resilience.csproj", "{4040C7E7-04DD-4EE5-A231-282181A4C7D5}"
EndProject
Project("{FAE04EC0-301F-11D3-BF4B-00C04F79EFBC}") = "FireflyFramework.Security", "src\FireflyFramework.Security\FireflyFramework.Security.csproj", "{246BA008-D0EF-4A1A-AF28-8C769A42556F}"
EndProject
Project("{FAE04EC0-301F-11D3-BF4B-00C04F79EFBC}") = "FireflyFramework.Aop", "src\FireflyFramework.Aop\FireflyFramework.Aop.csproj", "{E1F00313-FE95-4E68-807D-4604ACA3C619}"
EndProject
Project("{FAE04EC0-301F-11D3-BF4B-00C04F79EFBC}") = "FireflyFramework.Scheduling", "src\FireflyFramework.Scheduling\FireflyFramework.Scheduling.csproj", "{A28B48E8-CBBD-44C1-8BF1-2E34F9B28A1B}"
EndProject
Project("{FAE04EC0-301F-11D3-BF4B-00C04F79EFBC}") = "FireflyFramework.Messaging", "src\FireflyFramework.Messaging\FireflyFramework.Messaging.csproj", "{9FA85683-54FB-4659-8E22-0C8A2CAD8DD6}"
EndProject
Project("{FAE04EC0-301F-11D3-BF4B-00C04F79EFBC}") = "FireflyFramework.Actuator", "src\FireflyFramework.Actuator\FireflyFramework.Actuator.csproj", "{D5D79EBE-A35D-4873-935D-4838386C79D6}"
EndProject
Project("{FAE04EC0-301F-11D3-BF4B-00C04F79EFBC}") = "FireflyFramework.Admin", "src\FireflyFramework.Admin\FireflyFramework.Admin.csproj", "{205D39BA-AEBA-40F2-92F7-71A4DCDC6991}"
EndProject
Project("{FAE04EC0-301F-11D3-BF4B-00C04F79EFBC}") = "FireflyFramework.I18n", "src\FireflyFramework.I18n\FireflyFramework.I18n.csproj", "{8A1D5074-A63B-41F5-81A1-D8B31890E0F1}"
EndProject
Project("{FAE04EC0-301F-11D3-BF4B-00C04F79EFBC}") = "FireflyFramework.Session", "src\FireflyFramework.Session\FireflyFramework.Session.csproj", "{E7FFF7CE-1306-42D5-A2B7-1AF91A8CF812}"
EndProject
Project("{FAE04EC0-301F-11D3-BF4B-00C04F79EFBC}") = "FireflyFramework.WebSocket", "src\FireflyFramework.WebSocket\FireflyFramework.WebSocket.csproj", "{7A47B691-A4E2-426A-95BD-2C965C88BD7A}"
EndProject
Project("{FAE04EC0-301F-11D3-BF4B-00C04F79EFBC}") = "FireflyFramework.Shell", "src\FireflyFramework.Shell\FireflyFramework.Shell.csproj", "{7896629F-DADA-4977-A9B1-B0DD5279D0EB}"
EndProject
Project("{FAE04EC0-301F-11D3-BF4B-00C04F79EFBC}") = "FireflyFramework.Testing", "src\FireflyFramework.Testing\FireflyFramework.Testing.csproj", "{A263FF71-EA4F-492B-B992-3E3417C54417}"
EndProject
Project("{FAE04EC0-301F-11D3-BF4B-00C04F79EFBC}") = "FireflyFramework.Cli", "src\FireflyFramework.Cli\FireflyFramework.Cli.csproj", "{77D6EB6C-F583-4D96-98CB-73D8D5496FFD}"
EndProject
Project("{FAE04EC0-301F-11D3-BF4B-00C04F79EFBC}") = "FireflyFramework.Agentic", "src\FireflyFramework.Agentic\FireflyFramework.Agentic.csproj", "{FF615B05-8181-4DA5-99F7-70549E64F57F}"
EndProject
Project("{FAE04EC0-301F-11D3-BF4B-00C04F79EFBC}") = "FireflyFramework.AgenticBridge", "src\FireflyFramework.AgenticBridge\FireflyFramework.AgenticBridge.csproj", "{A242577C-1CD6-4B0B-A183-34BCCBF80A8B}"
EndProject
Project("{FAE04EC0-301F-11D3-BF4B-00C04F79EFBC}") = "FireflyFramework.Notifications.Smtp", "src\FireflyFramework.Notifications.Smtp\FireflyFramework.Notifications.Smtp.csproj", "{0C39E5CF-7A8B-4979-AD5E-3595C391B5BA}"
EndProject
Global
	GlobalSection(SolutionConfigurationPlatforms) = preSolution
		Debug|Any CPU = Debug|Any CPU
		Debug|x64 = Debug|x64
		Debug|x86 = Debug|x86
		Release|Any CPU = Release|Any CPU
		Release|x64 = Release|x64
		Release|x86 = Release|x86
	EndGlobalSection
	GlobalSection(ProjectConfigurationPlatforms) = postSolution
		{A741AE31-1484-48E2-89B3-0D12FB536CBE}.Debug|Any CPU.ActiveCfg = Debug|Any CPU
		{A741AE31-1484-48E2-89B3-0D12FB536CBE}.Debug|Any CPU.Build.0 = Debug|Any CPU
		{A741AE31-1484-48E2-89B3-0D12FB536CBE}.Debug|x64.ActiveCfg = Debug|Any CPU
		{A741AE31-1484-48E2-89B3-0D12FB536CBE}.Debug|x64.Build.0 = Debug|Any CPU
		{A741AE31-1484-48E2-89B3-0D12FB536CBE}.Debug|x86.ActiveCfg = Debug|Any CPU
		{A741AE31-1484-48E2-89B3-0D12FB536CBE}.Debug|x86.Build.0 = Debug|Any CPU
		{A741AE31-1484-48E2-89B3-0D12FB536CBE}.Release|Any CPU.ActiveCfg = Release|Any CPU
		{A741AE31-1484-48E2-89B3-0D12FB536CBE}.Release|Any CPU.Build.0 = Release|Any CPU
		{A741AE31-1484-48E2-89B3-0D12FB536CBE}.Release|x64.ActiveCfg = Release|Any CPU
		{A741AE31-1484-48E2-89B3-0D12FB536CBE}.Release|x64.Build.0 = Release|Any CPU
		{A741AE31-1484-48E2-89B3-0D12FB536CBE}.Release|x86.ActiveCfg = Release|Any CPU
		{A741AE31-1484-48E2-89B3-0D12FB536CBE}.Release|x86.Build.0 = Release|Any CPU
		{5908A71E-7FF3-4F93-96E9-1BBF7C50CEBD}.Debug|Any CPU.ActiveCfg = Debug|Any CPU
		{5908A71E-7FF3-4F93-96E9-1BBF7C50CEBD}.Debug|Any CPU.Build.0 = Debug|Any CPU
		{5908A71E-7FF3-4F93-96E9-1BBF7C50CEBD}.Debug|x64.ActiveCfg = Debug|Any CPU
		{5908A71E-7FF3-4F93-96E9-1BBF7C50CEBD}.Debug|x64.Build.0 = Debug|Any CPU
		{5908A71E-7FF3-4F93-96E9-1BBF7C50CEBD}.Debug|x86.ActiveCfg = Debug|Any CPU
		{5908A71E-7FF3-4F93-96E9-1BBF7C50CEBD}.Debug|x86.Build.0 = Debug|Any CPU
		{5908A71E-7FF3-4F93-96E9-1BBF7C50CEBD}.Release|Any CPU.ActiveCfg = Release|Any CPU
		{5908A71E-7FF3-4F93-96E9-1BBF7C50CEBD}.Release|Any CPU.Build.0 = Release|Any CPU
		{5908A71E-7FF3-4F93-96E9-1BBF7C50CEBD}.Release|x64.ActiveCfg = Release|Any CPU
		{5908A71E-7FF3-4F93-96E9-1BBF7C50CEBD}.Release|x64.Build.0 = Release|Any CPU
		{5908A71E-7FF3-4F93-96E9-1BBF7C50CEBD}.Release|x86.ActiveCfg = Release|Any CPU
		{5908A71E-7FF3-4F93-96E9-1BBF7C50CEBD}.Release|x86.Build.0 = Release|Any CPU
		{BD3478EE-89C0-428B-BDFA-A8323A5CD5B7}.Debug|Any CPU.ActiveCfg = Debug|Any CPU
		{BD3478EE-89C0-428B-BDFA-A8323A5CD5B7}.Debug|Any CPU.Build.0 = Debug|Any CPU
		{BD3478EE-89C0-428B-BDFA-A8323A5CD5B7}.Debug|x64.ActiveCfg = Debug|Any CPU
		{BD3478EE-89C0-428B-BDFA-A8323A5CD5B7}.Debug|x64.Build.0 = Debug|Any CPU
		{BD3478EE-89C0-428B-BDFA-A8323A5CD5B7}.Debug|x86.ActiveCfg = Debug|Any CPU
		{BD3478EE-89C0-428B-BDFA-A8323A5CD5B7}.Debug|x86.Build.0 = Debug|Any CPU
		{BD3478EE-89C0-428B-BDFA-A8323A5CD5B7}.Release|Any CPU.ActiveCfg = Release|Any CPU
		{BD3478EE-89C0-428B-BDFA-A8323A5CD5B7}.Release|Any CPU.Build.0 = Release|Any CPU
		{BD3478EE-89C0-428B-BDFA-A8323A5CD5B7}.Release|x64.ActiveCfg = Release|Any CPU
		{BD3478EE-89C0-428B-BDFA-A8323A5CD5B7}.Release|x64.Build.0 = Release|Any CPU
		{BD3478EE-89C0-428B-BDFA-A8323A5CD5B7}.Release|x86.ActiveCfg = Release|Any CPU
		{BD3478EE-89C0-428B-BDFA-A8323A5CD5B7}.Release|x86.Build.0 = Release|Any CPU
		{DECF8B70-E7E2-475D-8EFF-EFFEF3865F38}.Debug|Any CPU.ActiveCfg = Debug|Any CPU
		{DECF8B70-E7E2-475D-8EFF-EFFEF3865F38}.Debug|Any CPU.Build.0 = Debug|Any CPU
		{DECF8B70-E7E2-475D-8EFF-EFFEF3865F38}.Debug|x64.ActiveCfg = Debug|Any CPU
		{DECF8B70-E7E2-475D-8EFF-EFFEF3865F38}.Debug|x64.Build.0 = Debug|Any CPU
		{DECF8B70-E7E2-475D-8EFF-EFFEF3865F38}.Debug|x86.ActiveCfg = Debug|Any CPU
		{DECF8B70-E7E2-475D-8EFF-EFFEF3865F38}.Debug|x86.Build.0 = Debug|Any CPU
		{DECF8B70-E7E2-475D-8EFF-EFFEF3865F38}.Release|Any CPU.ActiveCfg = Release|Any CPU
		{DECF8B70-E7E2-475D-8EFF-EFFEF3865F38}.Release|Any CPU.Build.0 = Release|Any CPU
		{DECF8B70-E7E2-475D-8EFF-EFFEF3865F38}.Release|x64.ActiveCfg = Release|Any CPU
		{DECF8B70-E7E2-475D-8EFF-EFFEF3865F38}.Release|x64.Build.0 = Release|Any CPU
		{DECF8B70-E7E2-475D-8EFF-EFFEF3865F38}.Release|x86.ActiveCfg = Release|Any CPU
		{DECF8B70-E7E2-475D-8EFF-EFFEF3865F38}.Release|x86.Build.0 = Release|Any CPU
		{47EBC42D-FE8E-41DE-A4A2-5F3650528493}.Debug|Any CPU.ActiveCfg = Debug|Any CPU
		{47EBC42D-FE8E-41DE-A4A2-5F3650528493}.Debug|Any CPU.Build.0 = Debug|Any CPU
		{47EBC42D-FE8E-41DE-A4A2-5F3650528493}.Debug|x64.ActiveCfg = Debug|Any CPU
		{47EBC42D-FE8E-41DE-A4A2-5F3650528493}.Debug|x64.Build.0 = Debug|Any CPU
		{47EBC42D-FE8E-41DE-A4A2-5F3650528493}.Debug|x86.ActiveCfg = Debug|Any CPU
		{47EBC42D-FE8E-41DE-A4A2-5F3650528493}.Debug|x86.Build.0 = Debug|Any CPU
		{47EBC42D-FE8E-41DE-A4A2-5F3650528493}.Release|Any CPU.ActiveCfg = Release|Any CPU
		{47EBC42D-FE8E-41DE-A4A2-5F3650528493}.Release|Any CPU.Build.0 = Release|Any CPU
		{47EBC42D-FE8E-41DE-A4A2-5F3650528493}.Release|x64.ActiveCfg = Release|Any CPU
		{47EBC42D-FE8E-41DE-A4A2-5F3650528493}.Release|x64.Build.0 = Release|Any CPU
		{47EBC42D-FE8E-41DE-A4A2-5F3650528493}.Release|x86.ActiveCfg = Release|Any CPU
		{47EBC42D-FE8E-41DE-A4A2-5F3650528493}.Release|x86.Build.0 = Release|Any CPU
		{BF1745A2-664E-4097-BD2C-4E045EE1753A}.Debug|Any CPU.ActiveCfg = Debug|Any CPU
		{BF1745A2-664E-4097-BD2C-4E045EE1753A}.Debug|Any CPU.Build.0 = Debug|Any CPU
		{BF1745A2-664E-4097-BD2C-4E045EE1753A}.Debug|x64.ActiveCfg = Debug|Any CPU
		{BF1745A2-664E-4097-BD2C-4E045EE1753A}.Debug|x64.Build.0 = Debug|Any CPU
		{BF1745A2-664E-4097-BD2C-4E045EE1753A}.Debug|x86.ActiveCfg = Debug|Any CPU
		{BF1745A2-664E-4097-BD2C-4E045EE1753A}.Debug|x86.Build.0 = Debug|Any CPU
		{BF1745A2-664E-4097-BD2C-4E045EE1753A}.Release|Any CPU.ActiveCfg = Release|Any CPU
		{BF1745A2-664E-4097-BD2C-4E045EE1753A}.Release|Any CPU.Build.0 = Release|Any CPU
		{BF1745A2-664E-4097-BD2C-4E045EE1753A}.Release|x64.ActiveCfg = Release|Any CPU
		{BF1745A2-664E-4097-BD2C-4E045EE1753A}.Release|x64.Build.0 = Release|Any CPU
		{BF1745A2-664E-4097-BD2C-4E045EE1753A}.Release|x86.ActiveCfg = Release|Any CPU
		{BF1745A2-664E-4097-BD2C-4E045EE1753A}.Release|x86.Build.0 = Release|Any CPU
		{D46CCC8B-BC38-4CF3-83C3-2FED4D45B668}.Debug|Any CPU.ActiveCfg = Debug|Any CPU
		{D46CCC8B-BC38-4CF3-83C3-2FED4D45B668}.Debug|Any CPU.Build.0 = Debug|Any CPU
		{D46CCC8B-BC38-4CF3-83C3-2FED4D45B668}.Debug|x64.ActiveCfg = Debug|Any CPU
		{D46CCC8B-BC38-4CF3-83C3-2FED4D45B668}.Debug|x64.Build.0 = Debug|Any CPU
		{D46CCC8B-BC38-4CF3-83C3-2FED4D45B668}.Debug|x86.ActiveCfg = Debug|Any CPU
		{D46CCC8B-BC38-4CF3-83C3-2FED4D45B668}.Debug|x86.Build.0 = Debug|Any CPU
		{D46CCC8B-BC38-4CF3-83C3-2FED4D45B668}.Release|Any CPU.ActiveCfg = Release|Any CPU
		{D46CCC8B-BC38-4CF3-83C3-2FED4D45B668}.Release|Any CPU.Build.0 = Release|Any CPU
		{D46CCC8B-BC38-4CF3-83C3-2FED4D45B668}.Release|x64.ActiveCfg = Release|Any CPU
		{D46CCC8B-BC38-4CF3-83C3-2FED4D45B668}.Release|x64.Build.0 = Release|Any CPU
		{D46CCC8B-BC38-4CF3-83C3-2FED4D45B668}.Release|x86.ActiveCfg = Release|Any CPU
		{D46CCC8B-BC38-4CF3-83C3-2FED4D45B668}.Release|x86.Build.0 = Release|Any CPU
		{6BF474D4-1C27-4007-BBB6-D2BBD35D970B}.Debug|Any CPU.ActiveCfg = Debug|Any CPU
		{6BF474D4-1C27-4007-BBB6-D2BBD35D970B}.Debug|Any CPU.Build.0 = Debug|Any CPU
		{6BF474D4-1C27-4007-BBB6-D2BBD35D970B}.Debug|x64.ActiveCfg = Debug|Any CPU
		{6BF474D4-1C27-4007-BBB6-D2BBD35D970B}.Debug|x64.Build.0 = Debug|Any CPU
		{6BF474D4-1C27-4007-BBB6-D2BBD35D970B}.Debug|x86.ActiveCfg = Debug|Any CPU
		{6BF474D4-1C27-4007-BBB6-D2BBD35D970B}.Debug|x86.Build.0 = Debug|Any CPU
		{6BF474D4-1C27-4007-BBB6-D2BBD35D970B}.Release|Any CPU.ActiveCfg = Release|Any CPU
		{6BF474D4-1C27-4007-BBB6-D2BBD35D970B}.Release|Any CPU.Build.0 = Release|Any CPU
		{6BF474D4-1C27-4007-BBB6-D2BBD35D970B}.Release|x64.ActiveCfg = Release|Any CPU
		{6BF474D4-1C27-4007-BBB6-D2BBD35D970B}.Release|x64.Build.0 = Release|Any CPU
		{6BF474D4-1C27-4007-BBB6-D2BBD35D970B}.Release|x86.ActiveCfg = Release|Any CPU
		{6BF474D4-1C27-4007-BBB6-D2BBD35D970B}.Release|x86.Build.0 = Release|Any CPU
		{16632C0D-6671-4D05-85F4-9C004AA1E7C8}.Debug|Any CPU.ActiveCfg = Debug|Any CPU
		{16632C0D-6671-4D05-85F4-9C004AA1E7C8}.Debug|Any CPU.Build.0 = Debug|Any CPU
		{16632C0D-6671-4D05-85F4-9C004AA1E7C8}.Debug|x64.ActiveCfg = Debug|Any CPU
		{16632C0D-6671-4D05-85F4-9C004AA1E7C8}.Debug|x64.Build.0 = Debug|Any CPU
		{16632C0D-6671-4D05-85F4-9C004AA1E7C8}.Debug|x86.ActiveCfg = Debug|Any CPU
		{16632C0D-6671-4D05-85F4-9C004AA1E7C8}.Debug|x86.Build.0 = Debug|Any CPU
		{16632C0D-6671-4D05-85F4-9C004AA1E7C8}.Release|Any CPU.ActiveCfg = Release|Any CPU
		{16632C0D-6671-4D05-85F4-9C004AA1E7C8}.Release|Any CPU.Build.0 = Release|Any CPU
		{16632C0D-6671-4D05-85F4-9C004AA1E7C8}.Release|x64.ActiveCfg = Release|Any CPU
		{16632C0D-6671-4D05-85F4-9C004AA1E7C8}.Release|x64.Build.0 = Release|Any CPU
		{16632C0D-6671-4D05-85F4-9C004AA1E7C8}.Release|x86.ActiveCfg = Release|Any CPU
		{16632C0D-6671-4D05-85F4-9C004AA1E7C8}.Release|x86.Build.0 = Release|Any CPU
		{CEDB17DE-DA04-4350-95A1-4D2B60273C70}.Debug|Any CPU.ActiveCfg = Debug|Any CPU
		{CEDB17DE-DA04-4350-95A1-4D2B60273C70}.Debug|Any CPU.Build.0 = Debug|Any CPU
		{CEDB17DE-DA04-4350-95A1-4D2B60273C70}.Debug|x64.ActiveCfg = Debug|Any CPU
		{CEDB17DE-DA04-4350-95A1-4D2B60273C70}.Debug|x64.Build.0 = Debug|Any CPU
		{CEDB17DE-DA04-4350-95A1-4D2B60273C70}.Debug|x86.ActiveCfg = Debug|Any CPU
		{CEDB17DE-DA04-4350-95A1-4D2B60273C70}.Debug|x86.Build.0 = Debug|Any CPU
		{CEDB17DE-DA04-4350-95A1-4D2B60273C70}.Release|Any CPU.ActiveCfg = Release|Any CPU
		{CEDB17DE-DA04-4350-95A1-4D2B60273C70}.Release|Any CPU.Build.0 = Release|Any CPU
		{CEDB17DE-DA04-4350-95A1-4D2B60273C70}.Release|x64.ActiveCfg = Release|Any CPU
		{CEDB17DE-DA04-4350-95A1-4D2B60273C70}.Release|x64.Build.0 = Release|Any CPU
		{CEDB17DE-DA04-4350-95A1-4D2B60273C70}.Release|x86.ActiveCfg = Release|Any CPU
		{CEDB17DE-DA04-4350-95A1-4D2B60273C70}.Release|x86.Build.0 = Release|Any CPU
		{74FFE831-62FD-4224-8F02-5AA7FD82552A}.Debug|Any CPU.ActiveCfg = Debug|Any CPU
		{74FFE831-62FD-4224-8F02-5AA7FD82552A}.Debug|Any CPU.Build.0 = Debug|Any CPU
		{74FFE831-62FD-4224-8F02-5AA7FD82552A}.Debug|x64.ActiveCfg = Debug|Any CPU
		{74FFE831-62FD-4224-8F02-5AA7FD82552A}.Debug|x64.Build.0 = Debug|Any CPU
		{74FFE831-62FD-4224-8F02-5AA7FD82552A}.Debug|x86.ActiveCfg = Debug|Any CPU
		{74FFE831-62FD-4224-8F02-5AA7FD82552A}.Debug|x86.Build.0 = Debug|Any CPU
		{74FFE831-62FD-4224-8F02-5AA7FD82552A}.Release|Any CPU.ActiveCfg = Release|Any CPU
		{74FFE831-62FD-4224-8F02-5AA7FD82552A}.Release|Any CPU.Build.0 = Release|Any CPU
		{74FFE831-62FD-4224-8F02-5AA7FD82552A}.Release|x64.ActiveCfg = Release|Any CPU
		{74FFE831-62FD-4224-8F02-5AA7FD82552A}.Release|x64.Build.0 = Release|Any CPU
		{74FFE831-62FD-4224-8F02-5AA7FD82552A}.Release|x86.ActiveCfg = Release|Any CPU
		{74FFE831-62FD-4224-8F02-5AA7FD82552A}.Release|x86.Build.0 = Release|Any CPU
		{8EC3F21F-AD17-4FC9-97EA-870B2592F082}.Debug|Any CPU.ActiveCfg = Debug|Any CPU
		{8EC3F21F-AD17-4FC9-97EA-870B2592F082}.Debug|Any CPU.Build.0 = Debug|Any CPU
		{8EC3F21F-AD17-4FC9-97EA-870B2592F082}.Debug|x64.ActiveCfg = Debug|Any CPU
		{8EC3F21F-AD17-4FC9-97EA-870B2592F082}.Debug|x64.Build.0 = Debug|Any CPU
		{8EC3F21F-AD17-4FC9-97EA-870B2592F082}.Debug|x86.ActiveCfg = Debug|Any CPU
		{8EC3F21F-AD17-4FC9-97EA-870B2592F082}.Debug|x86.Build.0 = Debug|Any CPU
		{8EC3F21F-AD17-4FC9-97EA-870B2592F082}.Release|Any CPU.ActiveCfg = Release|Any CPU
		{8EC3F21F-AD17-4FC9-97EA-870B2592F082}.Release|Any CPU.Build.0 = Release|Any CPU
		{8EC3F21F-AD17-4FC9-97EA-870B2592F082}.Release|x64.ActiveCfg = Release|Any CPU
		{8EC3F21F-AD17-4FC9-97EA-870B2592F082}.Release|x64.Build.0 = Release|Any CPU
		{8EC3F21F-AD17-4FC9-97EA-870B2592F082}.Release|x86.ActiveCfg = Release|Any CPU
		{8EC3F21F-AD17-4FC9-97EA-870B2592F082}.Release|x86.Build.0 = Release|Any CPU
		{D90B6EAB-7ACB-4D70-B01F-5D7BDABE5DCF}.Debug|Any CPU.ActiveCfg = Debug|Any CPU
		{D90B6EAB-7ACB-4D70-B01F-5D7BDABE5DCF}.Debug|Any CPU.Build.0 = Debug|Any CPU
		{D90B6EAB-7ACB-4D70-B01F-5D7BDABE5DCF}.Debug|x64.ActiveCfg = Debug|Any CPU
		{D90B6EAB-7ACB-4D70-B01F-5D7BDABE5DCF}.Debug|x64.Build.0 = Debug|Any CPU
		{D90B6EAB-7ACB-4D70-B01F-5D7BDABE5DCF}.Debug|x86.ActiveCfg = Debug|Any CPU
		{D90B6EAB-7ACB-4D70-B01F-5D7BDABE5DCF}.Debug|x86.Build.0 = Debug|Any CPU
		{D90B6EAB-7ACB-4D70-B01F-5D7BDABE5DCF}.Release|Any CPU.ActiveCfg = Release|Any CPU
		{D90B6EAB-7ACB-4D70-B01F-5D7BDABE5DCF}.Release|Any CPU.Build.0 = Release|Any CPU
		{D90B6EAB-7ACB-4D70-B01F-5D7BDABE5DCF}.Release|x64.ActiveCfg = Release|Any CPU
		{D90B6EAB-7ACB-4D70-B01F-5D7BDABE5DCF}.Release|x64.Build.0 = Release|Any CPU
		{D90B6EAB-7ACB-4D70-B01F-5D7BDABE5DCF}.Release|x86.ActiveCfg = Release|Any CPU
		{D90B6EAB-7ACB-4D70-B01F-5D7BDABE5DCF}.Release|x86.Build.0 = Release|Any CPU
		{7D30D637-945C-42A2-B00B-DB9067350D8B}.Debug|Any CPU.ActiveCfg = Debug|Any CPU
		{7D30D637-945C-42A2-B00B-DB9067350D8B}.Debug|Any CPU.Build.0 = Debug|Any CPU
		{7D30D637-945C-42A2-B00B-DB9067350D8B}.Debug|x64.ActiveCfg = Debug|Any CPU
		{7D30D637-945C-42A2-B00B-DB9067350D8B}.Debug|x64.Build.0 = Debug|Any CPU
		{7D30D637-945C-42A2-B00B-DB9067350D8B}.Debug|x86.ActiveCfg = Debug|Any CPU
		{7D30D637-945C-42A2-B00B-DB9067350D8B}.Debug|x86.Build.0 = Debug|Any CPU
		{7D30D637-945C-42A2-B00B-DB9067350D8B}.Release|Any CPU.ActiveCfg = Release|Any CPU
		{7D30D637-945C-42A2-B00B-DB9067350D8B}.Release|Any CPU.Build.0 = Release|Any CPU
		{7D30D637-945C-42A2-B00B-DB9067350D8B}.Release|x64.ActiveCfg = Release|Any CPU
		{7D30D637-945C-42A2-B00B-DB9067350D8B}.Release|x64.Build.0 = Release|Any CPU
		{7D30D637-945C-42A2-B00B-DB9067350D8B}.Release|x86.ActiveCfg = Release|Any CPU
		{7D30D637-945C-42A2-B00B-DB9067350D8B}.Release|x86.Build.0 = Release|Any CPU
		{479E012D-4730-425E-8A37-7C0A1F3D2D4F}.Debug|Any CPU.ActiveCfg = Debug|Any CPU
		{479E012D-4730-425E-8A37-7C0A1F3D2D4F}.Debug|Any CPU.Build.0 = Debug|Any CPU
		{479E012D-4730-425E-8A37-7C0A1F3D2D4F}.Debug|x64.ActiveCfg = Debug|Any CPU
		{479E012D-4730-425E-8A37-7C0A1F3D2D4F}.Debug|x64.Build.0 = Debug|Any CPU
		{479E012D-4730-425E-8A37-7C0A1F3D2D4F}.Debug|x86.ActiveCfg = Debug|Any CPU
		{479E012D-4730-425E-8A37-7C0A1F3D2D4F}.Debug|x86.Build.0 = Debug|Any CPU
		{479E012D-4730-425E-8A37-7C0A1F3D2D4F}.Release|Any CPU.ActiveCfg = Release|Any CPU
		{479E012D-4730-425E-8A37-7C0A1F3D2D4F}.Release|Any CPU.Build.0 = Release|Any CPU
		{479E012D-4730-425E-8A37-7C0A1F3D2D4F}.Release|x64.ActiveCfg = Release|Any CPU
		{479E012D-4730-425E-8A37-7C0A1F3D2D4F}.Release|x64.Build.0 = Release|Any CPU
		{479E012D-4730-425E-8A37-7C0A1F3D2D4F}.Release|x86.ActiveCfg = Release|Any CPU
		{479E012D-4730-425E-8A37-7C0A1F3D2D4F}.Release|x86.Build.0 = Release|Any CPU
		{1FA5AA78-79C7-431D-A2DD-BCEE6EBDC221}.Debug|Any CPU.ActiveCfg = Debug|Any CPU
		{1FA5AA78-79C7-431D-A2DD-BCEE6EBDC221}.Debug|Any CPU.Build.0 = Debug|Any CPU
		{1FA5AA78-79C7-431D-A2DD-BCEE6EBDC221}.Debug|x64.ActiveCfg = Debug|Any CPU
		{1FA5AA78-79C7-431D-A2DD-BCEE6EBDC221}.Debug|x64.Build.0 = Debug|Any CPU
		{1FA5AA78-79C7-431D-A2DD-BCEE6EBDC221}.Debug|x86.ActiveCfg = Debug|Any CPU
		{1FA5AA78-79C7-431D-A2DD-BCEE6EBDC221}.Debug|x86.Build.0 = Debug|Any CPU
		{1FA5AA78-79C7-431D-A2DD-BCEE6EBDC221}.Release|Any CPU.ActiveCfg = Release|Any CPU
		{1FA5AA78-79C7-431D-A2DD-BCEE6EBDC221}.Release|Any CPU.Build.0 = Release|Any CPU
		{1FA5AA78-79C7-431D-A2DD-BCEE6EBDC221}.Release|x64.ActiveCfg = Release|Any CPU
		{1FA5AA78-79C7-431D-A2DD-BCEE6EBDC221}.Release|x64.Build.0 = Release|Any CPU
		{1FA5AA78-79C7-431D-A2DD-BCEE6EBDC221}.Release|x86.ActiveCfg = Release|Any CPU
		{1FA5AA78-79C7-431D-A2DD-BCEE6EBDC221}.Release|x86.Build.0 = Release|Any CPU
		{519D30F0-8E67-4EAC-8542-81AD100ED946}.Debug|Any CPU.ActiveCfg = Debug|Any CPU
		{519D30F0-8E67-4EAC-8542-81AD100ED946}.Debug|Any CPU.Build.0 = Debug|Any CPU
		{519D30F0-8E67-4EAC-8542-81AD100ED946}.Debug|x64.ActiveCfg = Debug|Any CPU
		{519D30F0-8E67-4EAC-8542-81AD100ED946}.Debug|x64.Build.0 = Debug|Any CPU
		{519D30F0-8E67-4EAC-8542-81AD100ED946}.Debug|x86.ActiveCfg = Debug|Any CPU
		{519D30F0-8E67-4EAC-8542-81AD100ED946}.Debug|x86.Build.0 = Debug|Any CPU
		{519D30F0-8E67-4EAC-8542-81AD100ED946}.Release|Any CPU.ActiveCfg = Release|Any CPU
		{519D30F0-8E67-4EAC-8542-81AD100ED946}.Release|Any CPU.Build.0 = Release|Any CPU
		{519D30F0-8E67-4EAC-8542-81AD100ED946}.Release|x64.ActiveCfg = Release|Any CPU
		{519D30F0-8E67-4EAC-8542-81AD100ED946}.Release|x64.Build.0 = Release|Any CPU
		{519D30F0-8E67-4EAC-8542-81AD100ED946}.Release|x86.ActiveCfg = Release|Any CPU
		{519D30F0-8E67-4EAC-8542-81AD100ED946}.Release|x86.Build.0 = Release|Any CPU
		{85C3933F-E90B-40C8-B74A-870148F654E5}.Debug|Any CPU.ActiveCfg = Debug|Any CPU
		{85C3933F-E90B-40C8-B74A-870148F654E5}.Debug|Any CPU.Build.0 = Debug|Any CPU
		{85C3933F-E90B-40C8-B74A-870148F654E5}.Debug|x64.ActiveCfg = Debug|Any CPU
		{85C3933F-E90B-40C8-B74A-870148F654E5}.Debug|x64.Build.0 = Debug|Any CPU
		{85C3933F-E90B-40C8-B74A-870148F654E5}.Debug|x86.ActiveCfg = Debug|Any CPU
		{85C3933F-E90B-40C8-B74A-870148F654E5}.Debug|x86.Build.0 = Debug|Any CPU
		{85C3933F-E90B-40C8-B74A-870148F654E5}.Release|Any CPU.ActiveCfg = Release|Any CPU
		{85C3933F-E90B-40C8-B74A-870148F654E5}.Release|Any CPU.Build.0 = Release|Any CPU
		{85C3933F-E90B-40C8-B74A-870148F654E5}.Release|x64.ActiveCfg = Release|Any CPU
		{85C3933F-E90B-40C8-B74A-870148F654E5}.Release|x64.Build.0 = Release|Any CPU
		{85C3933F-E90B-40C8-B74A-870148F654E5}.Release|x86.ActiveCfg = Release|Any CPU
		{85C3933F-E90B-40C8-B74A-870148F654E5}.Release|x86.Build.0 = Release|Any CPU
		{EB64812D-52E0-437F-B41D-6AF4A918CF8F}.Debug|Any CPU.ActiveCfg = Debug|Any CPU
		{EB64812D-52E0-437F-B41D-6AF4A918CF8F}.Debug|Any CPU.Build.0 = Debug|Any CPU
		{EB64812D-52E0-437F-B41D-6AF4A918CF8F}.Debug|x64.ActiveCfg = Debug|Any CPU
		{EB64812D-52E0-437F-B41D-6AF4A918CF8F}.Debug|x64.Build.0 = Debug|Any CPU
		{EB64812D-52E0-437F-B41D-6AF4A918CF8F}.Debug|x86.ActiveCfg = Debug|Any CPU
		{EB64812D-52E0-437F-B41D-6AF4A918CF8F}.Debug|x86.Build.0 = Debug|Any CPU
		{EB64812D-52E0-437F-B41D-6AF4A918CF8F}.Release|Any CPU.ActiveCfg = Release|Any CPU
		{EB64812D-52E0-437F-B41D-6AF4A918CF8F}.Release|Any CPU.Build.0 = Release|Any CPU
		{EB64812D-52E0-437F-B41D-6AF4A918CF8F}.Release|x64.ActiveCfg = Release|Any CPU
		{EB64812D-52E0-437F-B41D-6AF4A918CF8F}.Release|x64.Build.0 = Release|Any CPU
		{EB64812D-52E0-437F-B41D-6AF4A918CF8F}.Release|x86.ActiveCfg = Release|Any CPU
		{EB64812D-52E0-437F-B41D-6AF4A918CF8F}.Release|x86.Build.0 = Release|Any CPU
		{B906147D-2DAC-4A09-A278-F917A4B69CBC}.Debug|Any CPU.ActiveCfg = Debug|Any CPU
		{B906147D-2DAC-4A09-A278-F917A4B69CBC}.Debug|Any CPU.Build.0 = Debug|Any CPU
		{B906147D-2DAC-4A09-A278-F917A4B69CBC}.Debug|x64.ActiveCfg = Debug|Any CPU
		{B906147D-2DAC-4A09-A278-F917A4B69CBC}.Debug|x64.Build.0 = Debug|Any CPU
		{B906147D-2DAC-4A09-A278-F917A4B69CBC}.Debug|x86.ActiveCfg = Debug|Any CPU
		{B906147D-2DAC-4A09-A278-F917A4B69CBC}.Debug|x86.Build.0 = Debug|Any CPU
		{B906147D-2DAC-4A09-A278-F917A4B69CBC}.Release|Any CPU.ActiveCfg = Release|Any CPU
		{B906147D-2DAC-4A09-A278-F917A4B69CBC}.Release|Any CPU.Build.0 = Release|Any CPU
		{B906147D-2DAC-4A09-A278-F917A4B69CBC}.Release|x64.ActiveCfg = Release|Any CPU
		{B906147D-2DAC-4A09-A278-F917A4B69CBC}.Release|x64.Build.0 = Release|Any CPU
		{B906147D-2DAC-4A09-A278-F917A4B69CBC}.Release|x86.ActiveCfg = Release|Any CPU
		{B906147D-2DAC-4A09-A278-F917A4B69CBC}.Release|x86.Build.0 = Release|Any CPU
		{36424BEA-A1A9-45EA-AC6F-E8A3D0099A61}.Debug|Any CPU.ActiveCfg = Debug|Any CPU
		{36424BEA-A1A9-45EA-AC6F-E8A3D0099A61}.Debug|Any CPU.Build.0 = Debug|Any CPU
		{36424BEA-A1A9-45EA-AC6F-E8A3D0099A61}.Debug|x64.ActiveCfg = Debug|Any CPU
		{36424BEA-A1A9-45EA-AC6F-E8A3D0099A61}.Debug|x64.Build.0 = Debug|Any CPU
		{36424BEA-A1A9-45EA-AC6F-E8A3D0099A61}.Debug|x86.ActiveCfg = Debug|Any CPU
		{36424BEA-A1A9-45EA-AC6F-E8A3D0099A61}.Debug|x86.Build.0 = Debug|Any CPU
		{36424BEA-A1A9-45EA-AC6F-E8A3D0099A61}.Release|Any CPU.ActiveCfg = Release|Any CPU
		{36424BEA-A1A9-45EA-AC6F-E8A3D0099A61}.Release|Any CPU.Build.0 = Release|Any CPU
		{36424BEA-A1A9-45EA-AC6F-E8A3D0099A61}.Release|x64.ActiveCfg = Release|Any CPU
		{36424BEA-A1A9-45EA-AC6F-E8A3D0099A61}.Release|x64.Build.0 = Release|Any CPU
		{36424BEA-A1A9-45EA-AC6F-E8A3D0099A61}.Release|x86.ActiveCfg = Release|Any CPU
		{36424BEA-A1A9-45EA-AC6F-E8A3D0099A61}.Release|x86.Build.0 = Release|Any CPU
		{6307BEF9-F7C5-4EED-BFFE-EDC65354D3C9}.Debug|Any CPU.ActiveCfg = Debug|Any CPU
		{6307BEF9-F7C5-4EED-BFFE-EDC65354D3C9}.Debug|Any CPU.Build.0 = Debug|Any CPU
		{6307BEF9-F7C5-4EED-BFFE-EDC65354D3C9}.Debug|x64.ActiveCfg = Debug|Any CPU
		{6307BEF9-F7C5-4EED-BFFE-EDC65354D3C9}.Debug|x64.Build.0 = Debug|Any CPU
		{6307BEF9-F7C5-4EED-BFFE-EDC65354D3C9}.Debug|x86.ActiveCfg = Debug|Any CPU
		{6307BEF9-F7C5-4EED-BFFE-EDC65354D3C9}.Debug|x86.Build.0 = Debug|Any CPU
		{6307BEF9-F7C5-4EED-BFFE-EDC65354D3C9}.Release|Any CPU.ActiveCfg = Release|Any CPU
		{6307BEF9-F7C5-4EED-BFFE-EDC65354D3C9}.Release|Any CPU.Build.0 = Release|Any CPU
		{6307BEF9-F7C5-4EED-BFFE-EDC65354D3C9}.Release|x64.ActiveCfg = Release|Any CPU
		{6307BEF9-F7C5-4EED-BFFE-EDC65354D3C9}.Release|x64.Build.0 = Release|Any CPU
		{6307BEF9-F7C5-4EED-BFFE-EDC65354D3C9}.Release|x86.ActiveCfg = Release|Any CPU
		{6307BEF9-F7C5-4EED-BFFE-EDC65354D3C9}.Release|x86.Build.0 = Release|Any CPU
		{05443F17-C29F-444B-BF56-37B39DE6FA19}.Debug|Any CPU.ActiveCfg = Debug|Any CPU
		{05443F17-C29F-444B-BF56-37B39DE6FA19}.Debug|Any CPU.Build.0 = Debug|Any CPU
		{05443F17-C29F-444B-BF56-37B39DE6FA19}.Debug|x64.ActiveCfg = Debug|Any CPU
		{05443F17-C29F-444B-BF56-37B39DE6FA19}.Debug|x64.Build.0 = Debug|Any CPU
		{05443F17-C29F-444B-BF56-37B39DE6FA19}.Debug|x86.ActiveCfg = Debug|Any CPU
		{05443F17-C29F-444B-BF56-37B39DE6FA19}.Debug|x86.Build.0 = Debug|Any CPU
		{05443F17-C29F-444B-BF56-37B39DE6FA19}.Release|Any CPU.ActiveCfg = Release|Any CPU
		{05443F17-C29F-444B-BF56-37B39DE6FA19}.Release|Any CPU.Build.0 = Release|Any CPU
		{05443F17-C29F-444B-BF56-37B39DE6FA19}.Release|x64.ActiveCfg = Release|Any CPU
		{05443F17-C29F-444B-BF56-37B39DE6FA19}.Release|x64.Build.0 = Release|Any CPU
		{05443F17-C29F-444B-BF56-37B39DE6FA19}.Release|x86.ActiveCfg = Release|Any CPU
		{05443F17-C29F-444B-BF56-37B39DE6FA19}.Release|x86.Build.0 = Release|Any CPU
		{81DF9E9F-DD9B-4449-872F-851008F0081C}.Debug|Any CPU.ActiveCfg = Debug|Any CPU
		{81DF9E9F-DD9B-4449-872F-851008F0081C}.Debug|Any CPU.Build.0 = Debug|Any CPU
		{81DF9E9F-DD9B-4449-872F-851008F0081C}.Debug|x64.ActiveCfg = Debug|Any CPU
		{81DF9E9F-DD9B-4449-872F-851008F0081C}.Debug|x64.Build.0 = Debug|Any CPU
		{81DF9E9F-DD9B-4449-872F-851008F0081C}.Debug|x86.ActiveCfg = Debug|Any CPU
		{81DF9E9F-DD9B-4449-872F-851008F0081C}.Debug|x86.Build.0 = Debug|Any CPU
		{81DF9E9F-DD9B-4449-872F-851008F0081C}.Release|Any CPU.ActiveCfg = Release|Any CPU
		{81DF9E9F-DD9B-4449-872F-851008F0081C}.Release|Any CPU.Build.0 = Release|Any CPU
		{81DF9E9F-DD9B-4449-872F-851008F0081C}.Release|x64.ActiveCfg = Release|Any CPU
		{81DF9E9F-DD9B-4449-872F-851008F0081C}.Release|x64.Build.0 = Release|Any CPU
		{81DF9E9F-DD9B-4449-872F-851008F0081C}.Release|x86.ActiveCfg = Release|Any CPU
		{81DF9E9F-DD9B-4449-872F-851008F0081C}.Release|x86.Build.0 = Release|Any CPU
		{AA235F8E-9F0C-4672-A7C6-F4F8112C9AA9}.Debug|Any CPU.ActiveCfg = Debug|Any CPU
		{AA235F8E-9F0C-4672-A7C6-F4F8112C9AA9}.Debug|Any CPU.Build.0 = Debug|Any CPU
		{AA235F8E-9F0C-4672-A7C6-F4F8112C9AA9}.Debug|x64.ActiveCfg = Debug|Any CPU
		{AA235F8E-9F0C-4672-A7C6-F4F8112C9AA9}.Debug|x64.Build.0 = Debug|Any CPU
		{AA235F8E-9F0C-4672-A7C6-F4F8112C9AA9}.Debug|x86.ActiveCfg = Debug|Any CPU
		{AA235F8E-9F0C-4672-A7C6-F4F8112C9AA9}.Debug|x86.Build.0 = Debug|Any CPU
		{AA235F8E-9F0C-4672-A7C6-F4F8112C9AA9}.Release|Any CPU.ActiveCfg = Release|Any CPU
		{AA235F8E-9F0C-4672-A7C6-F4F8112C9AA9}.Release|Any CPU.Build.0 = Release|Any CPU
		{AA235F8E-9F0C-4672-A7C6-F4F8112C9AA9}.Release|x64.ActiveCfg = Release|Any CPU
		{AA235F8E-9F0C-4672-A7C6-F4F8112C9AA9}.Release|x64.Build.0 = Release|Any CPU
		{AA235F8E-9F0C-4672-A7C6-F4F8112C9AA9}.Release|x86.ActiveCfg = Release|Any CPU
		{AA235F8E-9F0C-4672-A7C6-F4F8112C9AA9}.Release|x86.Build.0 = Release|Any CPU
		{99EFD220-5850-4843-BA87-58B003D51E2A}.Debug|Any CPU.ActiveCfg = Debug|Any CPU
		{99EFD220-5850-4843-BA87-58B003D51E2A}.Debug|Any CPU.Build.0 = Debug|Any CPU
		{99EFD220-5850-4843-BA87-58B003D51E2A}.Debug|x64.ActiveCfg = Debug|Any CPU
		{99EFD220-5850-4843-BA87-58B003D51E2A}.Debug|x64.Build.0 = Debug|Any CPU
		{99EFD220-5850-4843-BA87-58B003D51E2A}.Debug|x86.ActiveCfg = Debug|Any CPU
		{99EFD220-5850-4843-BA87-58B003D51E2A}.Debug|x86.Build.0 = Debug|Any CPU
		{99EFD220-5850-4843-BA87-58B003D51E2A}.Release|Any CPU.ActiveCfg = Release|Any CPU
		{99EFD220-5850-4843-BA87-58B003D51E2A}.Release|Any CPU.Build.0 = Release|Any CPU
		{99EFD220-5850-4843-BA87-58B003D51E2A}.Release|x64.ActiveCfg = Release|Any CPU
		{99EFD220-5850-4843-BA87-58B003D51E2A}.Release|x64.Build.0 = Release|Any CPU
		{99EFD220-5850-4843-BA87-58B003D51E2A}.Release|x86.ActiveCfg = Release|Any CPU
		{99EFD220-5850-4843-BA87-58B003D51E2A}.Release|x86.Build.0 = Release|Any CPU
		{E38FAA6D-EBD8-4FB9-9FBE-D8A1766FEDB4}.Debug|Any CPU.ActiveCfg = Debug|Any CPU
		{E38FAA6D-EBD8-4FB9-9FBE-D8A1766FEDB4}.Debug|Any CPU.Build.0 = Debug|Any CPU
		{E38FAA6D-EBD8-4FB9-9FBE-D8A1766FEDB4}.Debug|x64.ActiveCfg = Debug|Any CPU
		{E38FAA6D-EBD8-4FB9-9FBE-D8A1766FEDB4}.Debug|x64.Build.0 = Debug|Any CPU
		{E38FAA6D-EBD8-4FB9-9FBE-D8A1766FEDB4}.Debug|x86.ActiveCfg = Debug|Any CPU
		{E38FAA6D-EBD8-4FB9-9FBE-D8A1766FEDB4}.Debug|x86.Build.0 = Debug|Any CPU
		{E38FAA6D-EBD8-4FB9-9FBE-D8A1766FEDB4}.Release|Any CPU.ActiveCfg = Release|Any CPU
		{E38FAA6D-EBD8-4FB9-9FBE-D8A1766FEDB4}.Release|Any CPU.Build.0 = Release|Any CPU
		{E38FAA6D-EBD8-4FB9-9FBE-D8A1766FEDB4}.Release|x64.ActiveCfg = Release|Any CPU
		{E38FAA6D-EBD8-4FB9-9FBE-D8A1766FEDB4}.Release|x64.Build.0 = Release|Any CPU
		{E38FAA6D-EBD8-4FB9-9FBE-D8A1766FEDB4}.Release|x86.ActiveCfg = Release|Any CPU
		{E38FAA6D-EBD8-4FB9-9FBE-D8A1766FEDB4}.Release|x86.Build.0 = Release|Any CPU
		{BFC8DA42-CD27-4550-84F7-B3F8921BDCFD}.Debug|Any CPU.ActiveCfg = Debug|Any CPU
		{BFC8DA42-CD27-4550-84F7-B3F8921BDCFD}.Debug|Any CPU.Build.0 = Debug|Any CPU
		{BFC8DA42-CD27-4550-84F7-B3F8921BDCFD}.Debug|x64.ActiveCfg = Debug|Any CPU
		{BFC8DA42-CD27-4550-84F7-B3F8921BDCFD}.Debug|x64.Build.0 = Debug|Any CPU
		{BFC8DA42-CD27-4550-84F7-B3F8921BDCFD}.Debug|x86.ActiveCfg = Debug|Any CPU
		{BFC8DA42-CD27-4550-84F7-B3F8921BDCFD}.Debug|x86.Build.0 = Debug|Any CPU
		{BFC8DA42-CD27-4550-84F7-B3F8921BDCFD}.Release|Any CPU.ActiveCfg = Release|Any CPU
		{BFC8DA42-CD27-4550-84F7-B3F8921BDCFD}.Release|Any CPU.Build.0 = Release|Any CPU
		{BFC8DA42-CD27-4550-84F7-B3F8921BDCFD}.Release|x64.ActiveCfg = Release|Any CPU
		{BFC8DA42-CD27-4550-84F7-B3F8921BDCFD}.Release|x64.Build.0 = Release|Any CPU
		{BFC8DA42-CD27-4550-84F7-B3F8921BDCFD}.Release|x86.ActiveCfg = Release|Any CPU
		{BFC8DA42-CD27-4550-84F7-B3F8921BDCFD}.Release|x86.Build.0 = Release|Any CPU
		{5892D74C-5E16-47B0-BE54-6FB05DE83D5D}.Debug|Any CPU.ActiveCfg = Debug|Any CPU
		{5892D74C-5E16-47B0-BE54-6FB05DE83D5D}.Debug|Any CPU.Build.0 = Debug|Any CPU
		{5892D74C-5E16-47B0-BE54-6FB05DE83D5D}.Debug|x64.ActiveCfg = Debug|Any CPU
		{5892D74C-5E16-47B0-BE54-6FB05DE83D5D}.Debug|x64.Build.0 = Debug|Any CPU
		{5892D74C-5E16-47B0-BE54-6FB05DE83D5D}.Debug|x86.ActiveCfg = Debug|Any CPU
		{5892D74C-5E16-47B0-BE54-6FB05DE83D5D}.Debug|x86.Build.0 = Debug|Any CPU
		{5892D74C-5E16-47B0-BE54-6FB05DE83D5D}.Release|Any CPU.ActiveCfg = Release|Any CPU
		{5892D74C-5E16-47B0-BE54-6FB05DE83D5D}.Release|Any CPU.Build.0 = Release|Any CPU
		{5892D74C-5E16-47B0-BE54-6FB05DE83D5D}.Release|x64.ActiveCfg = Release|Any CPU
		{5892D74C-5E16-47B0-BE54-6FB05DE83D5D}.Release|x64.Build.0 = Release|Any CPU
		{5892D74C-5E16-47B0-BE54-6FB05DE83D5D}.Release|x86.ActiveCfg = Release|Any CPU
		{5892D74C-5E16-47B0-BE54-6FB05DE83D5D}.Release|x86.Build.0 = Release|Any CPU
		{C84FC947-8F1F-4FD3-B897-14EF73E46162}.Debug|Any CPU.ActiveCfg = Debug|Any CPU
		{C84FC947-8F1F-4FD3-B897-14EF73E46162}.Debug|Any CPU.Build.0 = Debug|Any CPU
		{C84FC947-8F1F-4FD3-B897-14EF73E46162}.Debug|x64.ActiveCfg = Debug|Any CPU
		{C84FC947-8F1F-4FD3-B897-14EF73E46162}.Debug|x64.Build.0 = Debug|Any CPU
		{C84FC947-8F1F-4FD3-B897-14EF73E46162}.Debug|x86.ActiveCfg = Debug|Any CPU
		{C84FC947-8F1F-4FD3-B897-14EF73E46162}.Debug|x86.Build.0 = Debug|Any CPU
		{C84FC947-8F1F-4FD3-B897-14EF73E46162}.Release|Any CPU.ActiveCfg = Release|Any CPU
		{C84FC947-8F1F-4FD3-B897-14EF73E46162}.Release|Any CPU.Build.0 = Release|Any CPU
		{C84FC947-8F1F-4FD3-B897-14EF73E46162}.Release|x64.ActiveCfg = Release|Any CPU
		{C84FC947-8F1F-4FD3-B897-14EF73E46162}.Release|x64.Build.0 = Release|Any CPU
		{C84FC947-8F1F-4FD3-B897-14EF73E46162}.Release|x86.ActiveCfg = Release|Any CPU
		{C84FC947-8F1F-4FD3-B897-14EF73E46162}.Release|x86.Build.0 = Release|Any CPU
		{66B8490A-731F-4D48-B2CA-094900D29D49}.Debug|Any CPU.ActiveCfg = Debug|Any CPU
		{66B8490A-731F-4D48-B2CA-094900D29D49}.Debug|Any CPU.Build.0 = Debug|Any CPU
		{66B8490A-731F-4D48-B2CA-094900D29D49}.Debug|x64.ActiveCfg = Debug|Any CPU
		{66B8490A-731F-4D48-B2CA-094900D29D49}.Debug|x64.Build.0 = Debug|Any CPU
		{66B8490A-731F-4D48-B2CA-094900D29D49}.Debug|x86.ActiveCfg = Debug|Any CPU
		{66B8490A-731F-4D48-B2CA-094900D29D49}.Debug|x86.Build.0 = Debug|Any CPU
		{66B8490A-731F-4D48-B2CA-094900D29D49}.Release|Any CPU.ActiveCfg = Release|Any CPU
		{66B8490A-731F-4D48-B2CA-094900D29D49}.Release|Any CPU.Build.0 = Release|Any CPU
		{66B8490A-731F-4D48-B2CA-094900D29D49}.Release|x64.ActiveCfg = Release|Any CPU
		{66B8490A-731F-4D48-B2CA-094900D29D49}.Release|x64.Build.0 = Release|Any CPU
		{66B8490A-731F-4D48-B2CA-094900D29D49}.Release|x86.ActiveCfg = Release|Any CPU
		{66B8490A-731F-4D48-B2CA-094900D29D49}.Release|x86.Build.0 = Release|Any CPU
		{947BF2F9-888C-4D2C-9323-FBE5B82893F6}.Debug|Any CPU.ActiveCfg = Debug|Any CPU
		{947BF2F9-888C-4D2C-9323-FBE5B82893F6}.Debug|Any CPU.Build.0 = Debug|Any CPU
		{947BF2F9-888C-4D2C-9323-FBE5B82893F6}.Debug|x64.ActiveCfg = Debug|Any CPU
		{947BF2F9-888C-4D2C-9323-FBE5B82893F6}.Debug|x64.Build.0 = Debug|Any CPU
		{947BF2F9-888C-4D2C-9323-FBE5B82893F6}.Debug|x86.ActiveCfg = Debug|Any CPU
		{947BF2F9-888C-4D2C-9323-FBE5B82893F6}.Debug|x86.Build.0 = Debug|Any CPU
		{947BF2F9-888C-4D2C-9323-FBE5B82893F6}.Release|Any CPU.ActiveCfg = Release|Any CPU
		{947BF2F9-888C-4D2C-9323-FBE5B82893F6}.Release|Any CPU.Build.0 = Release|Any CPU
		{947BF2F9-888C-4D2C-9323-FBE5B82893F6}.Release|x64.ActiveCfg = Release|Any CPU
		{947BF2F9-888C-4D2C-9323-FBE5B82893F6}.Release|x64.Build.0 = Release|Any CPU
		{947BF2F9-888C-4D2C-9323-FBE5B82893F6}.Release|x86.ActiveCfg = Release|Any CPU
		{947BF2F9-888C-4D2C-9323-FBE5B82893F6}.Release|x86.Build.0 = Release|Any CPU
		{AEFB3507-CB7D-4AAB-B680-B7DADBBCA4A5}.Debug|Any CPU.ActiveCfg = Debug|Any CPU
		{AEFB3507-CB7D-4AAB-B680-B7DADBBCA4A5}.Debug|Any CPU.Build.0 = Debug|Any CPU
		{AEFB3507-CB7D-4AAB-B680-B7DADBBCA4A5}.Debug|x64.ActiveCfg = Debug|Any CPU
		{AEFB3507-CB7D-4AAB-B680-B7DADBBCA4A5}.Debug|x64.Build.0 = Debug|Any CPU
		{AEFB3507-CB7D-4AAB-B680-B7DADBBCA4A5}.Debug|x86.ActiveCfg = Debug|Any CPU
		{AEFB3507-CB7D-4AAB-B680-B7DADBBCA4A5}.Debug|x86.Build.0 = Debug|Any CPU
		{AEFB3507-CB7D-4AAB-B680-B7DADBBCA4A5}.Release|Any CPU.ActiveCfg = Release|Any CPU
		{AEFB3507-CB7D-4AAB-B680-B7DADBBCA4A5}.Release|Any CPU.Build.0 = Release|Any CPU
		{AEFB3507-CB7D-4AAB-B680-B7DADBBCA4A5}.Release|x64.ActiveCfg = Release|Any CPU
		{AEFB3507-CB7D-4AAB-B680-B7DADBBCA4A5}.Release|x64.Build.0 = Release|Any CPU
		{AEFB3507-CB7D-4AAB-B680-B7DADBBCA4A5}.Release|x86.ActiveCfg = Release|Any CPU
		{AEFB3507-CB7D-4AAB-B680-B7DADBBCA4A5}.Release|x86.Build.0 = Release|Any CPU
		{01FD6646-A1F3-4905-92B4-6ED9C02F99E6}.Debug|Any CPU.ActiveCfg = Debug|Any CPU
		{01FD6646-A1F3-4905-92B4-6ED9C02F99E6}.Debug|Any CPU.Build.0 = Debug|Any CPU
		{01FD6646-A1F3-4905-92B4-6ED9C02F99E6}.Debug|x64.ActiveCfg = Debug|Any CPU
		{01FD6646-A1F3-4905-92B4-6ED9C02F99E6}.Debug|x64.Build.0 = Debug|Any CPU
		{01FD6646-A1F3-4905-92B4-6ED9C02F99E6}.Debug|x86.ActiveCfg = Debug|Any CPU
		{01FD6646-A1F3-4905-92B4-6ED9C02F99E6}.Debug|x86.Build.0 = Debug|Any CPU
		{01FD6646-A1F3-4905-92B4-6ED9C02F99E6}.Release|Any CPU.ActiveCfg = Release|Any CPU
		{01FD6646-A1F3-4905-92B4-6ED9C02F99E6}.Release|Any CPU.Build.0 = Release|Any CPU
		{01FD6646-A1F3-4905-92B4-6ED9C02F99E6}.Release|x64.ActiveCfg = Release|Any CPU
		{01FD6646-A1F3-4905-92B4-6ED9C02F99E6}.Release|x64.Build.0 = Release|Any CPU
		{01FD6646-A1F3-4905-92B4-6ED9C02F99E6}.Release|x86.ActiveCfg = Release|Any CPU
		{01FD6646-A1F3-4905-92B4-6ED9C02F99E6}.Release|x86.Build.0 = Release|Any CPU
		{D450CCFE-5E16-40CF-81C4-DFAB6FC5613C}.Debug|Any CPU.ActiveCfg = Debug|Any CPU
		{D450CCFE-5E16-40CF-81C4-DFAB6FC5613C}.Debug|Any CPU.Build.0 = Debug|Any CPU
		{D450CCFE-5E16-40CF-81C4-DFAB6FC5613C}.Debug|x64.ActiveCfg = Debug|Any CPU
		{D450CCFE-5E16-40CF-81C4-DFAB6FC5613C}.Debug|x64.Build.0 = Debug|Any CPU
		{D450CCFE-5E16-40CF-81C4-DFAB6FC5613C}.Debug|x86.ActiveCfg = Debug|Any CPU
		{D450CCFE-5E16-40CF-81C4-DFAB6FC5613C}.Debug|x86.Build.0 = Debug|Any CPU
		{D450CCFE-5E16-40CF-81C4-DFAB6FC5613C}.Release|Any CPU.ActiveCfg = Release|Any CPU
		{D450CCFE-5E16-40CF-81C4-DFAB6FC5613C}.Release|Any CPU.Build.0 = Release|Any CPU
		{D450CCFE-5E16-40CF-81C4-DFAB6FC5613C}.Release|x64.ActiveCfg = Release|Any CPU
		{D450CCFE-5E16-40CF-81C4-DFAB6FC5613C}.Release|x64.Build.0 = Release|Any CPU
		{D450CCFE-5E16-40CF-81C4-DFAB6FC5613C}.Release|x86.ActiveCfg = Release|Any CPU
		{D450CCFE-5E16-40CF-81C4-DFAB6FC5613C}.Release|x86.Build.0 = Release|Any CPU
		{83FDBD28-9CEC-4866-BA0F-2DCE55C3A4F3}.Debug|Any CPU.ActiveCfg = Debug|Any CPU
		{83FDBD28-9CEC-4866-BA0F-2DCE55C3A4F3}.Debug|Any CPU.Build.0 = Debug|Any CPU
		{83FDBD28-9CEC-4866-BA0F-2DCE55C3A4F3}.Debug|x64.ActiveCfg = Debug|Any CPU
		{83FDBD28-9CEC-4866-BA0F-2DCE55C3A4F3}.Debug|x64.Build.0 = Debug|Any CPU
		{83FDBD28-9CEC-4866-BA0F-2DCE55C3A4F3}.Debug|x86.ActiveCfg = Debug|Any CPU
		{83FDBD28-9CEC-4866-BA0F-2DCE55C3A4F3}.Debug|x86.Build.0 = Debug|Any CPU
		{83FDBD28-9CEC-4866-BA0F-2DCE55C3A4F3}.Release|Any CPU.ActiveCfg = Release|Any CPU
		{83FDBD28-9CEC-4866-BA0F-2DCE55C3A4F3}.Release|Any CPU.Build.0 = Release|Any CPU
		{83FDBD28-9CEC-4866-BA0F-2DCE55C3A4F3}.Release|x64.ActiveCfg = Release|Any CPU
		{83FDBD28-9CEC-4866-BA0F-2DCE55C3A4F3}.Release|x64.Build.0 = Release|Any CPU
		{83FDBD28-9CEC-4866-BA0F-2DCE55C3A4F3}.Release|x86.ActiveCfg = Release|Any CPU
		{83FDBD28-9CEC-4866-BA0F-2DCE55C3A4F3}.Release|x86.Build.0 = Release|Any CPU
		{766A2A26-E8D0-4A48-B23F-28EA256CF5D3}.Debug|Any CPU.ActiveCfg = Debug|Any CPU
		{766A2A26-E8D0-4A48-B23F-28EA256CF5D3}.Debug|Any CPU.Build.0 = Debug|Any CPU
		{766A2A26-E8D0-4A48-B23F-28EA256CF5D3}.Debug|x64.ActiveCfg = Debug|Any CPU
		{766A2A26-E8D0-4A48-B23F-28EA256CF5D3}.Debug|x64.Build.0 = Debug|Any CPU
		{766A2A26-E8D0-4A48-B23F-28EA256CF5D3}.Debug|x86.ActiveCfg = Debug|Any CPU
		{766A2A26-E8D0-4A48-B23F-28EA256CF5D3}.Debug|x86.Build.0 = Debug|Any CPU
		{766A2A26-E8D0-4A48-B23F-28EA256CF5D3}.Release|Any CPU.ActiveCfg = Release|Any CPU
		{766A2A26-E8D0-4A48-B23F-28EA256CF5D3}.Release|Any CPU.Build.0 = Release|Any CPU
		{766A2A26-E8D0-4A48-B23F-28EA256CF5D3}.Release|x64.ActiveCfg = Release|Any CPU
		{766A2A26-E8D0-4A48-B23F-28EA256CF5D3}.Release|x64.Build.0 = Release|Any CPU
		{766A2A26-E8D0-4A48-B23F-28EA256CF5D3}.Release|x86.ActiveCfg = Release|Any CPU
		{766A2A26-E8D0-4A48-B23F-28EA256CF5D3}.Release|x86.Build.0 = Release|Any CPU
		{9B9FBA40-7B2D-4346-9CAF-349E399EE9FF}.Debug|Any CPU.ActiveCfg = Debug|Any CPU
		{9B9FBA40-7B2D-4346-9CAF-349E399EE9FF}.Debug|Any CPU.Build.0 = Debug|Any CPU
		{9B9FBA40-7B2D-4346-9CAF-349E399EE9FF}.Debug|x64.ActiveCfg = Debug|Any CPU
		{9B9FBA40-7B2D-4346-9CAF-349E399EE9FF}.Debug|x64.Build.0 = Debug|Any CPU
		{9B9FBA40-7B2D-4346-9CAF-349E399EE9FF}.Debug|x86.ActiveCfg = Debug|Any CPU
		{9B9FBA40-7B2D-4346-9CAF-349E399EE9FF}.Debug|x86.Build.0 = Debug|Any CPU
		{9B9FBA40-7B2D-4346-9CAF-349E399EE9FF}.Release|Any CPU.ActiveCfg = Release|Any CPU
		{9B9FBA40-7B2D-4346-9CAF-349E399EE9FF}.Release|Any CPU.Build.0 = Release|Any CPU
		{9B9FBA40-7B2D-4346-9CAF-349E399EE9FF}.Release|x64.ActiveCfg = Release|Any CPU
		{9B9FBA40-7B2D-4346-9CAF-349E399EE9FF}.Release|x64.Build.0 = Release|Any CPU
		{9B9FBA40-7B2D-4346-9CAF-349E399EE9FF}.Release|x86.ActiveCfg = Release|Any CPU
		{9B9FBA40-7B2D-4346-9CAF-349E399EE9FF}.Release|x86.Build.0 = Release|Any CPU
		{0C101E2D-28B6-4A86-A706-EC3468AB9495}.Debug|Any CPU.ActiveCfg = Debug|Any CPU
		{0C101E2D-28B6-4A86-A706-EC3468AB9495}.Debug|Any CPU.Build.0 = Debug|Any CPU
		{0C101E2D-28B6-4A86-A706-EC3468AB9495}.Debug|x64.ActiveCfg = Debug|Any CPU
		{0C101E2D-28B6-4A86-A706-EC3468AB9495}.Debug|x64.Build.0 = Debug|Any CPU
		{0C101E2D-28B6-4A86-A706-EC3468AB9495}.Debug|x86.ActiveCfg = Debug|Any CPU
		{0C101E2D-28B6-4A86-A706-EC3468AB9495}.Debug|x86.Build.0 = Debug|Any CPU
		{0C101E2D-28B6-4A86-A706-EC3468AB9495}.Release|Any CPU.ActiveCfg = Release|Any CPU
		{0C101E2D-28B6-4A86-A706-EC3468AB9495}.Release|Any CPU.Build.0 = Release|Any CPU
		{0C101E2D-28B6-4A86-A706-EC3468AB9495}.Release|x64.ActiveCfg = Release|Any CPU
		{0C101E2D-28B6-4A86-A706-EC3468AB9495}.Release|x64.Build.0 = Release|Any CPU
		{0C101E2D-28B6-4A86-A706-EC3468AB9495}.Release|x86.ActiveCfg = Release|Any CPU
		{0C101E2D-28B6-4A86-A706-EC3468AB9495}.Release|x86.Build.0 = Release|Any CPU
		{2D0AC696-2EBA-4B1E-9D5D-D97461A91725}.Debug|Any CPU.ActiveCfg = Debug|Any CPU
		{2D0AC696-2EBA-4B1E-9D5D-D97461A91725}.Debug|Any CPU.Build.0 = Debug|Any CPU
		{2D0AC696-2EBA-4B1E-9D5D-D97461A91725}.Debug|x64.ActiveCfg = Debug|Any CPU
		{2D0AC696-2EBA-4B1E-9D5D-D97461A91725}.Debug|x64.Build.0 = Debug|Any CPU
		{2D0AC696-2EBA-4B1E-9D5D-D97461A91725}.Debug|x86.ActiveCfg = Debug|Any CPU
		{2D0AC696-2EBA-4B1E-9D5D-D97461A91725}.Debug|x86.Build.0 = Debug|Any CPU
		{2D0AC696-2EBA-4B1E-9D5D-D97461A91725}.Release|Any CPU.ActiveCfg = Release|Any CPU
		{2D0AC696-2EBA-4B1E-9D5D-D97461A91725}.Release|Any CPU.Build.0 = Release|Any CPU
		{2D0AC696-2EBA-4B1E-9D5D-D97461A91725}.Release|x64.ActiveCfg = Release|Any CPU
		{2D0AC696-2EBA-4B1E-9D5D-D97461A91725}.Release|x64.Build.0 = Release|Any CPU
		{2D0AC696-2EBA-4B1E-9D5D-D97461A91725}.Release|x86.ActiveCfg = Release|Any CPU
		{2D0AC696-2EBA-4B1E-9D5D-D97461A91725}.Release|x86.Build.0 = Release|Any CPU
		{4E15FAD5-C593-426A-94AE-5D5F1662C799}.Debug|Any CPU.ActiveCfg = Debug|Any CPU
		{4E15FAD5-C593-426A-94AE-5D5F1662C799}.Debug|Any CPU.Build.0 = Debug|Any CPU
		{4E15FAD5-C593-426A-94AE-5D5F1662C799}.Debug|x64.ActiveCfg = Debug|Any CPU
		{4E15FAD5-C593-426A-94AE-5D5F1662C799}.Debug|x64.Build.0 = Debug|Any CPU
		{4E15FAD5-C593-426A-94AE-5D5F1662C799}.Debug|x86.ActiveCfg = Debug|Any CPU
		{4E15FAD5-C593-426A-94AE-5D5F1662C799}.Debug|x86.Build.0 = Debug|Any CPU
		{4E15FAD5-C593-426A-94AE-5D5F1662C799}.Release|Any CPU.ActiveCfg = Release|Any CPU
		{4E15FAD5-C593-426A-94AE-5D5F1662C799}.Release|Any CPU.Build.0 = Release|Any CPU
		{4E15FAD5-C593-426A-94AE-5D5F1662C799}.Release|x64.ActiveCfg = Release|Any CPU
		{4E15FAD5-C593-426A-94AE-5D5F1662C799}.Release|x64.Build.0 = Release|Any CPU
		{4E15FAD5-C593-426A-94AE-5D5F1662C799}.Release|x86.ActiveCfg = Release|Any CPU
		{4E15FAD5-C593-426A-94AE-5D5F1662C799}.Release|x86.Build.0 = Release|Any CPU
		{CEB1CA00-F188-430B-83D1-6E8A02CF7AA7}.Debug|Any CPU.ActiveCfg = Debug|Any CPU
		{CEB1CA00-F188-430B-83D1-6E8A02CF7AA7}.Debug|Any CPU.Build.0 = Debug|Any CPU
		{CEB1CA00-F188-430B-83D1-6E8A02CF7AA7}.Debug|x64.ActiveCfg = Debug|Any CPU
		{CEB1CA00-F188-430B-83D1-6E8A02CF7AA7}.Debug|x64.Build.0 = Debug|Any CPU
		{CEB1CA00-F188-430B-83D1-6E8A02CF7AA7}.Debug|x86.ActiveCfg = Debug|Any CPU
		{CEB1CA00-F188-430B-83D1-6E8A02CF7AA7}.Debug|x86.Build.0 = Debug|Any CPU
		{CEB1CA00-F188-430B-83D1-6E8A02CF7AA7}.Release|Any CPU.ActiveCfg = Release|Any CPU
		{CEB1CA00-F188-430B-83D1-6E8A02CF7AA7}.Release|Any CPU.Build.0 = Release|Any CPU
		{CEB1CA00-F188-430B-83D1-6E8A02CF7AA7}.Release|x64.ActiveCfg = Release|Any CPU
		{CEB1CA00-F188-430B-83D1-6E8A02CF7AA7}.Release|x64.Build.0 = Release|Any CPU
		{CEB1CA00-F188-430B-83D1-6E8A02CF7AA7}.Release|x86.ActiveCfg = Release|Any CPU
		{CEB1CA00-F188-430B-83D1-6E8A02CF7AA7}.Release|x86.Build.0 = Release|Any CPU
		{307A3986-E325-4BF4-A457-31BEA594EC9D}.Debug|Any CPU.ActiveCfg = Debug|Any CPU
		{307A3986-E325-4BF4-A457-31BEA594EC9D}.Debug|Any CPU.Build.0 = Debug|Any CPU
		{307A3986-E325-4BF4-A457-31BEA594EC9D}.Debug|x64.ActiveCfg = Debug|Any CPU
		{307A3986-E325-4BF4-A457-31BEA594EC9D}.Debug|x64.Build.0 = Debug|Any CPU
		{307A3986-E325-4BF4-A457-31BEA594EC9D}.Debug|x86.ActiveCfg = Debug|Any CPU
		{307A3986-E325-4BF4-A457-31BEA594EC9D}.Debug|x86.Build.0 = Debug|Any CPU
		{307A3986-E325-4BF4-A457-31BEA594EC9D}.Release|Any CPU.ActiveCfg = Release|Any CPU
		{307A3986-E325-4BF4-A457-31BEA594EC9D}.Release|Any CPU.Build.0 = Release|Any CPU
		{307A3986-E325-4BF4-A457-31BEA594EC9D}.Release|x64.ActiveCfg = Release|Any CPU
		{307A3986-E325-4BF4-A457-31BEA594EC9D}.Release|x64.Build.0 = Release|Any CPU
		{307A3986-E325-4BF4-A457-31BEA594EC9D}.Release|x86.ActiveCfg = Release|Any CPU
		{307A3986-E325-4BF4-A457-31BEA594EC9D}.Release|x86.Build.0 = Release|Any CPU
		{7CE2A275-BA7B-41A2-AEA2-9B5AA5776EA8}.Debug|Any CPU.ActiveCfg = Debug|Any CPU
		{7CE2A275-BA7B-41A2-AEA2-9B5AA5776EA8}.Debug|Any CPU.Build.0 = Debug|Any CPU
		{7CE2A275-BA7B-41A2-AEA2-9B5AA5776EA8}.Debug|x64.ActiveCfg = Debug|Any CPU
		{7CE2A275-BA7B-41A2-AEA2-9B5AA5776EA8}.Debug|x64.Build.0 = Debug|Any CPU
		{7CE2A275-BA7B-41A2-AEA2-9B5AA5776EA8}.Debug|x86.ActiveCfg = Debug|Any CPU
		{7CE2A275-BA7B-41A2-AEA2-9B5AA5776EA8}.Debug|x86.Build.0 = Debug|Any CPU
		{7CE2A275-BA7B-41A2-AEA2-9B5AA5776EA8}.Release|Any CPU.ActiveCfg = Release|Any CPU
		{7CE2A275-BA7B-41A2-AEA2-9B5AA5776EA8}.Release|Any CPU.Build.0 = Release|Any CPU
		{7CE2A275-BA7B-41A2-AEA2-9B5AA5776EA8}.Release|x64.ActiveCfg = Release|Any CPU
		{7CE2A275-BA7B-41A2-AEA2-9B5AA5776EA8}.Release|x64.Build.0 = Release|Any CPU
		{7CE2A275-BA7B-41A2-AEA2-9B5AA5776EA8}.Release|x86.ActiveCfg = Release|Any CPU
		{7CE2A275-BA7B-41A2-AEA2-9B5AA5776EA8}.Release|x86.Build.0 = Release|Any CPU
		{594A60C2-06F0-46CA-A79D-4A5151ECFC71}.Debug|Any CPU.ActiveCfg = Debug|Any CPU
		{594A60C2-06F0-46CA-A79D-4A5151ECFC71}.Debug|Any CPU.Build.0 = Debug|Any CPU
		{594A60C2-06F0-46CA-A79D-4A5151ECFC71}.Debug|x64.ActiveCfg = Debug|Any CPU
		{594A60C2-06F0-46CA-A79D-4A5151ECFC71}.Debug|x64.Build.0 = Debug|Any CPU
		{594A60C2-06F0-46CA-A79D-4A5151ECFC71}.Debug|x86.ActiveCfg = Debug|Any CPU
		{594A60C2-06F0-46CA-A79D-4A5151ECFC71}.Debug|x86.Build.0 = Debug|Any CPU
		{594A60C2-06F0-46CA-A79D-4A5151ECFC71}.Release|Any CPU.ActiveCfg = Release|Any CPU
		{594A60C2-06F0-46CA-A79D-4A5151ECFC71}.Release|Any CPU.Build.0 = Release|Any CPU
		{594A60C2-06F0-46CA-A79D-4A5151ECFC71}.Release|x64.ActiveCfg = Release|Any CPU
		{594A60C2-06F0-46CA-A79D-4A5151ECFC71}.Release|x64.Build.0 = Release|Any CPU
		{594A60C2-06F0-46CA-A79D-4A5151ECFC71}.Release|x86.ActiveCfg = Release|Any CPU
		{594A60C2-06F0-46CA-A79D-4A5151ECFC71}.Release|x86.Build.0 = Release|Any CPU
		{E21C2647-48CA-48DC-966C-4F5FCE6C41E6}.Debug|Any CPU.ActiveCfg = Debug|Any CPU
		{E21C2647-48CA-48DC-966C-4F5FCE6C41E6}.Debug|Any CPU.Build.0 = Debug|Any CPU
		{E21C2647-48CA-48DC-966C-4F5FCE6C41E6}.Debug|x64.ActiveCfg = Debug|Any CPU
		{E21C2647-48CA-48DC-966C-4F5FCE6C41E6}.Debug|x64.Build.0 = Debug|Any CPU
		{E21C2647-48CA-48DC-966C-4F5FCE6C41E6}.Debug|x86.ActiveCfg = Debug|Any CPU
		{E21C2647-48CA-48DC-966C-4F5FCE6C41E6}.Debug|x86.Build.0 = Debug|Any CPU
		{E21C2647-48CA-48DC-966C-4F5FCE6C41E6}.Release|Any CPU.ActiveCfg = Release|Any CPU
		{E21C2647-48CA-48DC-966C-4F5FCE6C41E6}.Release|Any CPU.Build.0 = Release|Any CPU
		{E21C2647-48CA-48DC-966C-4F5FCE6C41E6}.Release|x64.ActiveCfg = Release|Any CPU
		{E21C2647-48CA-48DC-966C-4F5FCE6C41E6}.Release|x64.Build.0 = Release|Any CPU
		{E21C2647-48CA-48DC-966C-4F5FCE6C41E6}.Release|x86.ActiveCfg = Release|Any CPU
		{E21C2647-48CA-48DC-966C-4F5FCE6C41E6}.Release|x86.Build.0 = Release|Any CPU
		{3DE5D248-0496-4228-9F63-74B1FC05F1F4}.Debug|Any CPU.ActiveCfg = Debug|Any CPU
		{3DE5D248-0496-4228-9F63-74B1FC05F1F4}.Debug|Any CPU.Build.0 = Debug|Any CPU
		{3DE5D248-0496-4228-9F63-74B1FC05F1F4}.Debug|x64.ActiveCfg = Debug|Any CPU
		{3DE5D248-0496-4228-9F63-74B1FC05F1F4}.Debug|x64.Build.0 = Debug|Any CPU
		{3DE5D248-0496-4228-9F63-74B1FC05F1F4}.Debug|x86.ActiveCfg = Debug|Any CPU
		{3DE5D248-0496-4228-9F63-74B1FC05F1F4}.Debug|x86.Build.0 = Debug|Any CPU
		{3DE5D248-0496-4228-9F63-74B1FC05F1F4}.Release|Any CPU.ActiveCfg = Release|Any CPU
		{3DE5D248-0496-4228-9F63-74B1FC05F1F4}.Release|Any CPU.Build.0 = Release|Any CPU
		{3DE5D248-0496-4228-9F63-74B1FC05F1F4}.Release|x64.ActiveCfg = Release|Any CPU
		{3DE5D248-0496-4228-9F63-74B1FC05F1F4}.Release|x64.Build.0 = Release|Any CPU
		{3DE5D248-0496-4228-9F63-74B1FC05F1F4}.Release|x86.ActiveCfg = Release|Any CPU
		{3DE5D248-0496-4228-9F63-74B1FC05F1F4}.Release|x86.Build.0 = Release|Any CPU
		{393D43EA-7C7E-4DAF-97B4-57CC37091235}.Debug|Any CPU.ActiveCfg = Debug|Any CPU
		{393D43EA-7C7E-4DAF-97B4-57CC37091235}.Debug|Any CPU.Build.0 = Debug|Any CPU
		{393D43EA-7C7E-4DAF-97B4-57CC37091235}.Debug|x64.ActiveCfg = Debug|Any CPU
		{393D43EA-7C7E-4DAF-97B4-57CC37091235}.Debug|x64.Build.0 = Debug|Any CPU
		{393D43EA-7C7E-4DAF-97B4-57CC37091235}.Debug|x86.ActiveCfg = Debug|Any CPU
		{393D43EA-7C7E-4DAF-97B4-57CC37091235}.Debug|x86.Build.0 = Debug|Any CPU
		{393D43EA-7C7E-4DAF-97B4-57CC37091235}.Release|Any CPU.ActiveCfg = Release|Any CPU
		{393D43EA-7C7E-4DAF-97B4-57CC37091235}.Release|Any CPU.Build.0 = Release|Any CPU
		{393D43EA-7C7E-4DAF-97B4-57CC37091235}.Release|x64.ActiveCfg = Release|Any CPU
		{393D43EA-7C7E-4DAF-97B4-57CC37091235}.Release|x64.Build.0 = Release|Any CPU
		{393D43EA-7C7E-4DAF-97B4-57CC37091235}.Release|x86.ActiveCfg = Release|Any CPU
		{393D43EA-7C7E-4DAF-97B4-57CC37091235}.Release|x86.Build.0 = Release|Any CPU
		{81726AB7-AC8D-44FB-B11A-779A4AA68842}.Debug|Any CPU.ActiveCfg = Debug|Any CPU
		{81726AB7-AC8D-44FB-B11A-779A4AA68842}.Debug|Any CPU.Build.0 = Debug|Any CPU
		{81726AB7-AC8D-44FB-B11A-779A4AA68842}.Debug|x64.ActiveCfg = Debug|Any CPU
		{81726AB7-AC8D-44FB-B11A-779A4AA68842}.Debug|x64.Build.0 = Debug|Any CPU
		{81726AB7-AC8D-44FB-B11A-779A4AA68842}.Debug|x86.ActiveCfg = Debug|Any CPU
		{81726AB7-AC8D-44FB-B11A-779A4AA68842}.Debug|x86.Build.0 = Debug|Any CPU
		{81726AB7-AC8D-44FB-B11A-779A4AA68842}.Release|Any CPU.ActiveCfg = Release|Any CPU
		{81726AB7-AC8D-44FB-B11A-779A4AA68842}.Release|Any CPU.Build.0 = Release|Any CPU
		{81726AB7-AC8D-44FB-B11A-779A4AA68842}.Release|x64.ActiveCfg = Release|Any CPU
		{81726AB7-AC8D-44FB-B11A-779A4AA68842}.Release|x64.Build.0 = Release|Any CPU
		{81726AB7-AC8D-44FB-B11A-779A4AA68842}.Release|x86.ActiveCfg = Release|Any CPU
		{81726AB7-AC8D-44FB-B11A-779A4AA68842}.Release|x86.Build.0 = Release|Any CPU
		{9D04B27A-395A-405A-8B0A-C27CEC7C4DF2}.Debug|Any CPU.ActiveCfg = Debug|Any CPU
		{9D04B27A-395A-405A-8B0A-C27CEC7C4DF2}.Debug|Any CPU.Build.0 = Debug|Any CPU
		{9D04B27A-395A-405A-8B0A-C27CEC7C4DF2}.Debug|x64.ActiveCfg = Debug|Any CPU
		{9D04B27A-395A-405A-8B0A-C27CEC7C4DF2}.Debug|x64.Build.0 = Debug|Any CPU
		{9D04B27A-395A-405A-8B0A-C27CEC7C4DF2}.Debug|x86.ActiveCfg = Debug|Any CPU
		{9D04B27A-395A-405A-8B0A-C27CEC7C4DF2}.Debug|x86.Build.0 = Debug|Any CPU
		{9D04B27A-395A-405A-8B0A-C27CEC7C4DF2}.Release|Any CPU.ActiveCfg = Release|Any CPU
		{9D04B27A-395A-405A-8B0A-C27CEC7C4DF2}.Release|Any CPU.Build.0 = Release|Any CPU
		{9D04B27A-395A-405A-8B0A-C27CEC7C4DF2}.Release|x64.ActiveCfg = Release|Any CPU
		{9D04B27A-395A-405A-8B0A-C27CEC7C4DF2}.Release|x64.Build.0 = Release|Any CPU
		{9D04B27A-395A-405A-8B0A-C27CEC7C4DF2}.Release|x86.ActiveCfg = Release|Any CPU
		{9D04B27A-395A-405A-8B0A-C27CEC7C4DF2}.Release|x86.Build.0 = Release|Any CPU
		{2ABEF42B-73DC-43D9-B5F8-EF15CE95DEE6}.Debug|Any CPU.ActiveCfg = Debug|Any CPU
		{2ABEF42B-73DC-43D9-B5F8-EF15CE95DEE6}.Debug|Any CPU.Build.0 = Debug|Any CPU
		{2ABEF42B-73DC-43D9-B5F8-EF15CE95DEE6}.Debug|x64.ActiveCfg = Debug|Any CPU
		{2ABEF42B-73DC-43D9-B5F8-EF15CE95DEE6}.Debug|x64.Build.0 = Debug|Any CPU
		{2ABEF42B-73DC-43D9-B5F8-EF15CE95DEE6}.Debug|x86.ActiveCfg = Debug|Any CPU
		{2ABEF42B-73DC-43D9-B5F8-EF15CE95DEE6}.Debug|x86.Build.0 = Debug|Any CPU
		{2ABEF42B-73DC-43D9-B5F8-EF15CE95DEE6}.Release|Any CPU.ActiveCfg = Release|Any CPU
		{2ABEF42B-73DC-43D9-B5F8-EF15CE95DEE6}.Release|Any CPU.Build.0 = Release|Any CPU
		{2ABEF42B-73DC-43D9-B5F8-EF15CE95DEE6}.Release|x64.ActiveCfg = Release|Any CPU
		{2ABEF42B-73DC-43D9-B5F8-EF15CE95DEE6}.Release|x64.Build.0 = Release|Any CPU
		{2ABEF42B-73DC-43D9-B5F8-EF15CE95DEE6}.Release|x86.ActiveCfg = Release|Any CPU
		{2ABEF42B-73DC-43D9-B5F8-EF15CE95DEE6}.Release|x86.Build.0 = Release|Any CPU
		{00B1FB8B-5210-48BF-B29D-4D2E7DADF52B}.Debug|Any CPU.ActiveCfg = Debug|Any CPU
		{00B1FB8B-5210-48BF-B29D-4D2E7DADF52B}.Debug|Any CPU.Build.0 = Debug|Any CPU
		{00B1FB8B-5210-48BF-B29D-4D2E7DADF52B}.Debug|x64.ActiveCfg = Debug|Any CPU
		{00B1FB8B-5210-48BF-B29D-4D2E7DADF52B}.Debug|x64.Build.0 = Debug|Any CPU
		{00B1FB8B-5210-48BF-B29D-4D2E7DADF52B}.Debug|x86.ActiveCfg = Debug|Any CPU
		{00B1FB8B-5210-48BF-B29D-4D2E7DADF52B}.Debug|x86.Build.0 = Debug|Any CPU
		{00B1FB8B-5210-48BF-B29D-4D2E7DADF52B}.Release|Any CPU.ActiveCfg = Release|Any CPU
		{00B1FB8B-5210-48BF-B29D-4D2E7DADF52B}.Release|Any CPU.Build.0 = Release|Any CPU
		{00B1FB8B-5210-48BF-B29D-4D2E7DADF52B}.Release|x64.ActiveCfg = Release|Any CPU
		{00B1FB8B-5210-48BF-B29D-4D2E7DADF52B}.Release|x64.Build.0 = Release|Any CPU
		{00B1FB8B-5210-48BF-B29D-4D2E7DADF52B}.Release|x86.ActiveCfg = Release|Any CPU
		{00B1FB8B-5210-48BF-B29D-4D2E7DADF52B}.Release|x86.Build.0 = Release|Any CPU
		{40F5C675-AEEB-4D2C-B906-6D1041A35583}.Debug|Any CPU.ActiveCfg = Debug|Any CPU
		{40F5C675-AEEB-4D2C-B906-6D1041A35583}.Debug|Any CPU.Build.0 = Debug|Any CPU
		{40F5C675-AEEB-4D2C-B906-6D1041A35583}.Debug|x64.ActiveCfg = Debug|Any CPU
		{40F5C675-AEEB-4D2C-B906-6D1041A35583}.Debug|x64.Build.0 = Debug|Any CPU
		{40F5C675-AEEB-4D2C-B906-6D1041A35583}.Debug|x86.ActiveCfg = Debug|Any CPU
		{40F5C675-AEEB-4D2C-B906-6D1041A35583}.Debug|x86.Build.0 = Debug|Any CPU
		{40F5C675-AEEB-4D2C-B906-6D1041A35583}.Release|Any CPU.ActiveCfg = Release|Any CPU
		{40F5C675-AEEB-4D2C-B906-6D1041A35583}.Release|Any CPU.Build.0 = Release|Any CPU
		{40F5C675-AEEB-4D2C-B906-6D1041A35583}.Release|x64.ActiveCfg = Release|Any CPU
		{40F5C675-AEEB-4D2C-B906-6D1041A35583}.Release|x64.Build.0 = Release|Any CPU
		{40F5C675-AEEB-4D2C-B906-6D1041A35583}.Release|x86.ActiveCfg = Release|Any CPU
		{40F5C675-AEEB-4D2C-B906-6D1041A35583}.Release|x86.Build.0 = Release|Any CPU
		{690218B6-5454-4186-BAAD-3A3226D36F2F}.Debug|Any CPU.ActiveCfg = Debug|Any CPU
		{690218B6-5454-4186-BAAD-3A3226D36F2F}.Debug|Any CPU.Build.0 = Debug|Any CPU
		{690218B6-5454-4186-BAAD-3A3226D36F2F}.Debug|x64.ActiveCfg = Debug|Any CPU
		{690218B6-5454-4186-BAAD-3A3226D36F2F}.Debug|x64.Build.0 = Debug|Any CPU
		{690218B6-5454-4186-BAAD-3A3226D36F2F}.Debug|x86.ActiveCfg = Debug|Any CPU
		{690218B6-5454-4186-BAAD-3A3226D36F2F}.Debug|x86.Build.0 = Debug|Any CPU
		{690218B6-5454-4186-BAAD-3A3226D36F2F}.Release|Any CPU.ActiveCfg = Release|Any CPU
		{690218B6-5454-4186-BAAD-3A3226D36F2F}.Release|Any CPU.Build.0 = Release|Any CPU
		{690218B6-5454-4186-BAAD-3A3226D36F2F}.Release|x64.ActiveCfg = Release|Any CPU
		{690218B6-5454-4186-BAAD-3A3226D36F2F}.Release|x64.Build.0 = Release|Any CPU
		{690218B6-5454-4186-BAAD-3A3226D36F2F}.Release|x86.ActiveCfg = Release|Any CPU
		{690218B6-5454-4186-BAAD-3A3226D36F2F}.Release|x86.Build.0 = Release|Any CPU
		{7C053004-5FC5-4A7F-935A-895ED30E1996}.Debug|Any CPU.ActiveCfg = Debug|Any CPU
		{7C053004-5FC5-4A7F-935A-895ED30E1996}.Debug|Any CPU.Build.0 = Debug|Any CPU
		{7C053004-5FC5-4A7F-935A-895ED30E1996}.Debug|x64.ActiveCfg = Debug|Any CPU
		{7C053004-5FC5-4A7F-935A-895ED30E1996}.Debug|x64.Build.0 = Debug|Any CPU
		{7C053004-5FC5-4A7F-935A-895ED30E1996}.Debug|x86.ActiveCfg = Debug|Any CPU
		{7C053004-5FC5-4A7F-935A-895ED30E1996}.Debug|x86.Build.0 = Debug|Any CPU
		{7C053004-5FC5-4A7F-935A-895ED30E1996}.Release|Any CPU.ActiveCfg = Release|Any CPU
		{7C053004-5FC5-4A7F-935A-895ED30E1996}.Release|Any CPU.Build.0 = Release|Any CPU
		{7C053004-5FC5-4A7F-935A-895ED30E1996}.Release|x64.ActiveCfg = Release|Any CPU
		{7C053004-5FC5-4A7F-935A-895ED30E1996}.Release|x64.Build.0 = Release|Any CPU
		{7C053004-5FC5-4A7F-935A-895ED30E1996}.Release|x86.ActiveCfg = Release|Any CPU
		{7C053004-5FC5-4A7F-935A-895ED30E1996}.Release|x86.Build.0 = Release|Any CPU
		{FD2FB5DE-050F-4BB6-BDE0-0546D6F09997}.Debug|Any CPU.ActiveCfg = Debug|Any CPU
		{FD2FB5DE-050F-4BB6-BDE0-0546D6F09997}.Debug|Any CPU.Build.0 = Debug|Any CPU
		{FD2FB5DE-050F-4BB6-BDE0-0546D6F09997}.Debug|x64.ActiveCfg = Debug|Any CPU
		{FD2FB5DE-050F-4BB6-BDE0-0546D6F09997}.Debug|x64.Build.0 = Debug|Any CPU
		{FD2FB5DE-050F-4BB6-BDE0-0546D6F09997}.Debug|x86.ActiveCfg = Debug|Any CPU
		{FD2FB5DE-050F-4BB6-BDE0-0546D6F09997}.Debug|x86.Build.0 = Debug|Any CPU
		{FD2FB5DE-050F-4BB6-BDE0-0546D6F09997}.Release|Any CPU.ActiveCfg = Release|Any CPU
		{FD2FB5DE-050F-4BB6-BDE0-0546D6F09997}.Release|Any CPU.Build.0 = Release|Any CPU
		{FD2FB5DE-050F-4BB6-BDE0-0546D6F09997}.Release|x64.ActiveCfg = Release|Any CPU
		{FD2FB5DE-050F-4BB6-BDE0-0546D6F09997}.Release|x64.Build.0 = Release|Any CPU
		{FD2FB5DE-050F-4BB6-BDE0-0546D6F09997}.Release|x86.ActiveCfg = Release|Any CPU
		{FD2FB5DE-050F-4BB6-BDE0-0546D6F09997}.Release|x86.Build.0 = Release|Any CPU
		{FE090569-882A-4049-A441-3CA9CCC900B1}.Debug|Any CPU.ActiveCfg = Debug|Any CPU
		{FE090569-882A-4049-A441-3CA9CCC900B1}.Debug|Any CPU.Build.0 = Debug|Any CPU
		{FE090569-882A-4049-A441-3CA9CCC900B1}.Debug|x64.ActiveCfg = Debug|Any CPU
		{FE090569-882A-4049-A441-3CA9CCC900B1}.Debug|x64.Build.0 = Debug|Any CPU
		{FE090569-882A-4049-A441-3CA9CCC900B1}.Debug|x86.ActiveCfg = Debug|Any CPU
		{FE090569-882A-4049-A441-3CA9CCC900B1}.Debug|x86.Build.0 = Debug|Any CPU
		{FE090569-882A-4049-A441-3CA9CCC900B1}.Release|Any CPU.ActiveCfg = Release|Any CPU
		{FE090569-882A-4049-A441-3CA9CCC900B1}.Release|Any CPU.Build.0 = Release|Any CPU
		{FE090569-882A-4049-A441-3CA9CCC900B1}.Release|x64.ActiveCfg = Release|Any CPU
		{FE090569-882A-4049-A441-3CA9CCC900B1}.Release|x64.Build.0 = Release|Any CPU
		{FE090569-882A-4049-A441-3CA9CCC900B1}.Release|x86.ActiveCfg = Release|Any CPU
		{FE090569-882A-4049-A441-3CA9CCC900B1}.Release|x86.Build.0 = Release|Any CPU
		{FBD744F8-22A7-4D2F-8AC1-8A274B1FC4F9}.Debug|Any CPU.ActiveCfg = Debug|Any CPU
		{FBD744F8-22A7-4D2F-8AC1-8A274B1FC4F9}.Debug|Any CPU.Build.0 = Debug|Any CPU
		{FBD744F8-22A7-4D2F-8AC1-8A274B1FC4F9}.Debug|x64.ActiveCfg = Debug|Any CPU
		{FBD744F8-22A7-4D2F-8AC1-8A274B1FC4F9}.Debug|x64.Build.0 = Debug|Any CPU
		{FBD744F8-22A7-4D2F-8AC1-8A274B1FC4F9}.Debug|x86.ActiveCfg = Debug|Any CPU
		{FBD744F8-22A7-4D2F-8AC1-8A274B1FC4F9}.Debug|x86.Build.0 = Debug|Any CPU
		{FBD744F8-22A7-4D2F-8AC1-8A274B1FC4F9}.Release|Any CPU.ActiveCfg = Release|Any CPU
		{FBD744F8-22A7-4D2F-8AC1-8A274B1FC4F9}.Release|Any CPU.Build.0 = Release|Any CPU
		{FBD744F8-22A7-4D2F-8AC1-8A274B1FC4F9}.Release|x64.ActiveCfg = Release|Any CPU
		{FBD744F8-22A7-4D2F-8AC1-8A274B1FC4F9}.Release|x64.Build.0 = Release|Any CPU
		{FBD744F8-22A7-4D2F-8AC1-8A274B1FC4F9}.Release|x86.ActiveCfg = Release|Any CPU
		{FBD744F8-22A7-4D2F-8AC1-8A274B1FC4F9}.Release|x86.Build.0 = Release|Any CPU
		{4040C7E7-04DD-4EE5-A231-282181A4C7D5}.Debug|Any CPU.ActiveCfg = Debug|Any CPU
		{4040C7E7-04DD-4EE5-A231-282181A4C7D5}.Debug|Any CPU.Build.0 = Debug|Any CPU
		{4040C7E7-04DD-4EE5-A231-282181A4C7D5}.Debug|x64.ActiveCfg = Debug|Any CPU
		{4040C7E7-04DD-4EE5-A231-282181A4C7D5}.Debug|x64.Build.0 = Debug|Any CPU
		{4040C7E7-04DD-4EE5-A231-282181A4C7D5}.Debug|x86.ActiveCfg = Debug|Any CPU
		{4040C7E7-04DD-4EE5-A231-282181A4C7D5}.Debug|x86.Build.0 = Debug|Any CPU
		{4040C7E7-04DD-4EE5-A231-282181A4C7D5}.Release|Any CPU.ActiveCfg = Release|Any CPU
		{4040C7E7-04DD-4EE5-A231-282181A4C7D5}.Release|Any CPU.Build.0 = Release|Any CPU
		{4040C7E7-04DD-4EE5-A231-282181A4C7D5}.Release|x64.ActiveCfg = Release|Any CPU
		{4040C7E7-04DD-4EE5-A231-282181A4C7D5}.Release|x64.Build.0 = Release|Any CPU
		{4040C7E7-04DD-4EE5-A231-282181A4C7D5}.Release|x86.ActiveCfg = Release|Any CPU
		{4040C7E7-04DD-4EE5-A231-282181A4C7D5}.Release|x86.Build.0 = Release|Any CPU
		{246BA008-D0EF-4A1A-AF28-8C769A42556F}.Debug|Any CPU.ActiveCfg = Debug|Any CPU
		{246BA008-D0EF-4A1A-AF28-8C769A42556F}.Debug|Any CPU.Build.0 = Debug|Any CPU
		{246BA008-D0EF-4A1A-AF28-8C769A42556F}.Debug|x64.ActiveCfg = Debug|Any CPU
		{246BA008-D0EF-4A1A-AF28-8C769A42556F}.Debug|x64.Build.0 = Debug|Any CPU
		{246BA008-D0EF-4A1A-AF28-8C769A42556F}.Debug|x86.ActiveCfg = Debug|Any CPU
		{246BA008-D0EF-4A1A-AF28-8C769A42556F}.Debug|x86.Build.0 = Debug|Any CPU
		{246BA008-D0EF-4A1A-AF28-8C769A42556F}.Release|Any CPU.ActiveCfg = Release|Any CPU
		{246BA008-D0EF-4A1A-AF28-8C769A42556F}.Release|Any CPU.Build.0 = Release|Any CPU
		{246BA008-D0EF-4A1A-AF28-8C769A42556F}.Release|x64.ActiveCfg = Release|Any CPU
		{246BA008-D0EF-4A1A-AF28-8C769A42556F}.Release|x64.Build.0 = Release|Any CPU
		{246BA008-D0EF-4A1A-AF28-8C769A42556F}.Release|x86.ActiveCfg = Release|Any CPU
		{246BA008-D0EF-4A1A-AF28-8C769A42556F}.Release|x86.Build.0 = Release|Any CPU
		{E1F00313-FE95-4E68-807D-4604ACA3C619}.Debug|Any CPU.ActiveCfg = Debug|Any CPU
		{E1F00313-FE95-4E68-807D-4604ACA3C619}.Debug|Any CPU.Build.0 = Debug|Any CPU
		{E1F00313-FE95-4E68-807D-4604ACA3C619}.Debug|x64.ActiveCfg = Debug|Any CPU
		{E1F00313-FE95-4E68-807D-4604ACA3C619}.Debug|x64.Build.0 = Debug|Any CPU
		{E1F00313-FE95-4E68-807D-4604ACA3C619}.Debug|x86.ActiveCfg = Debug|Any CPU
		{E1F00313-FE95-4E68-807D-4604ACA3C619}.Debug|x86.Build.0 = Debug|Any CPU
		{E1F00313-FE95-4E68-807D-4604ACA3C619}.Release|Any CPU.ActiveCfg = Release|Any CPU
		{E1F00313-FE95-4E68-807D-4604ACA3C619}.Release|Any CPU.Build.0 = Release|Any CPU
		{E1F00313-FE95-4E68-807D-4604ACA3C619}.Release|x64.ActiveCfg = Release|Any CPU
		{E1F00313-FE95-4E68-807D-4604ACA3C619}.Release|x64.Build.0 = Release|Any CPU
		{E1F00313-FE95-4E68-807D-4604ACA3C619}.Release|x86.ActiveCfg = Release|Any CPU
		{E1F00313-FE95-4E68-807D-4604ACA3C619}.Release|x86.Build.0 = Release|Any CPU
		{A28B48E8-CBBD-44C1-8BF1-2E34F9B28A1B}.Debug|Any CPU.ActiveCfg = Debug|Any CPU
		{A28B48E8-CBBD-44C1-8BF1-2E34F9B28A1B}.Debug|Any CPU.Build.0 = Debug|Any CPU
		{A28B48E8-CBBD-44C1-8BF1-2E34F9B28A1B}.Debug|x64.ActiveCfg = Debug|Any CPU
		{A28B48E8-CBBD-44C1-8BF1-2E34F9B28A1B}.Debug|x64.Build.0 = Debug|Any CPU
		{A28B48E8-CBBD-44C1-8BF1-2E34F9B28A1B}.Debug|x86.ActiveCfg = Debug|Any CPU
		{A28B48E8-CBBD-44C1-8BF1-2E34F9B28A1B}.Debug|x86.Build.0 = Debug|Any CPU
		{A28B48E8-CBBD-44C1-8BF1-2E34F9B28A1B}.Release|Any CPU.ActiveCfg = Release|Any CPU
		{A28B48E8-CBBD-44C1-8BF1-2E34F9B28A1B}.Release|Any CPU.Build.0 = Release|Any CPU
		{A28B48E8-CBBD-44C1-8BF1-2E34F9B28A1B}.Release|x64.ActiveCfg = Release|Any CPU
		{A28B48E8-CBBD-44C1-8BF1-2E34F9B28A1B}.Release|x64.Build.0 = Release|Any CPU
		{A28B48E8-CBBD-44C1-8BF1-2E34F9B28A1B}.Release|x86.ActiveCfg = Release|Any CPU
		{A28B48E8-CBBD-44C1-8BF1-2E34F9B28A1B}.Release|x86.Build.0 = Release|Any CPU
		{9FA85683-54FB-4659-8E22-0C8A2CAD8DD6}.Debug|Any CPU.ActiveCfg = Debug|Any CPU
		{9FA85683-54FB-4659-8E22-0C8A2CAD8DD6}.Debug|Any CPU.Build.0 = Debug|Any CPU
		{9FA85683-54FB-4659-8E22-0C8A2CAD8DD6}.Debug|x64.ActiveCfg = Debug|Any CPU
		{9FA85683-54FB-4659-8E22-0C8A2CAD8DD6}.Debug|x64.Build.0 = Debug|Any CPU
		{9FA85683-54FB-4659-8E22-0C8A2CAD8DD6}.Debug|x86.ActiveCfg = Debug|Any CPU
		{9FA85683-54FB-4659-8E22-0C8A2CAD8DD6}.Debug|x86.Build.0 = Debug|Any CPU
		{9FA85683-54FB-4659-8E22-0C8A2CAD8DD6}.Release|Any CPU.ActiveCfg = Release|Any CPU
		{9FA85683-54FB-4659-8E22-0C8A2CAD8DD6}.Release|Any CPU.Build.0 = Release|Any CPU
		{9FA85683-54FB-4659-8E22-0C8A2CAD8DD6}.Release|x64.ActiveCfg = Release|Any CPU
		{9FA85683-54FB-4659-8E22-0C8A2CAD8DD6}.Release|x64.Build.0 = Release|Any CPU
		{9FA85683-54FB-4659-8E22-0C8A2CAD8DD6}.Release|x86.ActiveCfg = Release|Any CPU
		{9FA85683-54FB-4659-8E22-0C8A2CAD8DD6}.Release|x86.Build.0 = Release|Any CPU
		{D5D79EBE-A35D-4873-935D-4838386C79D6}.Debug|Any CPU.ActiveCfg = Debug|Any CPU
		{D5D79EBE-A35D-4873-935D-4838386C79D6}.Debug|Any CPU.Build.0 = Debug|Any CPU
		{D5D79EBE-A35D-4873-935D-4838386C79D6}.Debug|x64.ActiveCfg = Debug|Any CPU
		{D5D79EBE-A35D-4873-935D-4838386C79D6}.Debug|x64.Build.0 = Debug|Any CPU
		{D5D79EBE-A35D-4873-935D-4838386C79D6}.Debug|x86.ActiveCfg = Debug|Any CPU
		{D5D79EBE-A35D-4873-935D-4838386C79D6}.Debug|x86.Build.0 = Debug|Any CPU
		{D5D79EBE-A35D-4873-935D-4838386C79D6}.Release|Any CPU.ActiveCfg = Release|Any CPU
		{D5D79EBE-A35D-4873-935D-4838386C79D6}.Release|Any CPU.Build.0 = Release|Any CPU
		{D5D79EBE-A35D-4873-935D-4838386C79D6}.Release|x64.ActiveCfg = Release|Any CPU
		{D5D79EBE-A35D-4873-935D-4838386C79D6}.Release|x64.Build.0 = Release|Any CPU
		{D5D79EBE-A35D-4873-935D-4838386C79D6}.Release|x86.ActiveCfg = Release|Any CPU
		{D5D79EBE-A35D-4873-935D-4838386C79D6}.Release|x86.Build.0 = Release|Any CPU
		{205D39BA-AEBA-40F2-92F7-71A4DCDC6991}.Debug|Any CPU.ActiveCfg = Debug|Any CPU
		{205D39BA-AEBA-40F2-92F7-71A4DCDC6991}.Debug|Any CPU.Build.0 = Debug|Any CPU
		{205D39BA-AEBA-40F2-92F7-71A4DCDC6991}.Debug|x64.ActiveCfg = Debug|Any CPU
		{205D39BA-AEBA-40F2-92F7-71A4DCDC6991}.Debug|x64.Build.0 = Debug|Any CPU
		{205D39BA-AEBA-40F2-92F7-71A4DCDC6991}.Debug|x86.ActiveCfg = Debug|Any CPU
		{205D39BA-AEBA-40F2-92F7-71A4DCDC6991}.Debug|x86.Build.0 = Debug|Any CPU
		{205D39BA-AEBA-40F2-92F7-71A4DCDC6991}.Release|Any CPU.ActiveCfg = Release|Any CPU
		{205D39BA-AEBA-40F2-92F7-71A4DCDC6991}.Release|Any CPU.Build.0 = Release|Any CPU
		{205D39BA-AEBA-40F2-92F7-71A4DCDC6991}.Release|x64.ActiveCfg = Release|Any CPU
		{205D39BA-AEBA-40F2-92F7-71A4DCDC6991}.Release|x64.Build.0 = Release|Any CPU
		{205D39BA-AEBA-40F2-92F7-71A4DCDC6991}.Release|x86.ActiveCfg = Release|Any CPU
		{205D39BA-AEBA-40F2-92F7-71A4DCDC6991}.Release|x86.Build.0 = Release|Any CPU
		{8A1D5074-A63B-41F5-81A1-D8B31890E0F1}.Debug|Any CPU.ActiveCfg = Debug|Any CPU
		{8A1D5074-A63B-41F5-81A1-D8B31890E0F1}.Debug|Any CPU.Build.0 = Debug|Any CPU
		{8A1D5074-A63B-41F5-81A1-D8B31890E0F1}.Debug|x64.ActiveCfg = Debug|Any CPU
		{8A1D5074-A63B-41F5-81A1-D8B31890E0F1}.Debug|x64.Build.0 = Debug|Any CPU
		{8A1D5074-A63B-41F5-81A1-D8B31890E0F1}.Debug|x86.ActiveCfg = Debug|Any CPU
		{8A1D5074-A63B-41F5-81A1-D8B31890E0F1}.Debug|x86.Build.0 = Debug|Any CPU
		{8A1D5074-A63B-41F5-81A1-D8B31890E0F1}.Release|Any CPU.ActiveCfg = Release|Any CPU
		{8A1D5074-A63B-41F5-81A1-D8B31890E0F1}.Release|Any CPU.Build.0 = Release|Any CPU
		{8A1D5074-A63B-41F5-81A1-D8B31890E0F1}.Release|x64.ActiveCfg = Release|Any CPU
		{8A1D5074-A63B-41F5-81A1-D8B31890E0F1}.Release|x64.Build.0 = Release|Any CPU
		{8A1D5074-A63B-41F5-81A1-D8B31890E0F1}.Release|x86.ActiveCfg = Release|Any CPU
		{8A1D5074-A63B-41F5-81A1-D8B31890E0F1}.Release|x86.Build.0 = Release|Any CPU
		{E7FFF7CE-1306-42D5-A2B7-1AF91A8CF812}.Debug|Any CPU.ActiveCfg = Debug|Any CPU
		{E7FFF7CE-1306-42D5-A2B7-1AF91A8CF812}.Debug|Any CPU.Build.0 = Debug|Any CPU
		{E7FFF7CE-1306-42D5-A2B7-1AF91A8CF812}.Debug|x64.ActiveCfg = Debug|Any CPU
		{E7FFF7CE-1306-42D5-A2B7-1AF91A8CF812}.Debug|x64.Build.0 = Debug|Any CPU
		{E7FFF7CE-1306-42D5-A2B7-1AF91A8CF812}.Debug|x86.ActiveCfg = Debug|Any CPU
		{E7FFF7CE-1306-42D5-A2B7-1AF91A8CF812}.Debug|x86.Build.0 = Debug|Any CPU
		{E7FFF7CE-1306-42D5-A2B7-1AF91A8CF812}.Release|Any CPU.ActiveCfg = Release|Any CPU
		{E7FFF7CE-1306-42D5-A2B7-1AF91A8CF812}.Release|Any CPU.Build.0 = Release|Any CPU
		{E7FFF7CE-1306-42D5-A2B7-1AF91A8CF812}.Release|x64.ActiveCfg = Release|Any CPU
		{E7FFF7CE-1306-42D5-A2B7-1AF91A8CF812}.Release|x64.Build.0 = Release|Any CPU
		{E7FFF7CE-1306-42D5-A2B7-1AF91A8CF812}.Release|x86.ActiveCfg = Release|Any CPU
		{E7FFF7CE-1306-42D5-A2B7-1AF91A8CF812}.Release|x86.Build.0 = Release|Any CPU
		{7A47B691-A4E2-426A-95BD-2C965C88BD7A}.Debug|Any CPU.ActiveCfg = Debug|Any CPU
		{7A47B691-A4E2-426A-95BD-2C965C88BD7A}.Debug|Any CPU.Build.0 = Debug|Any CPU
		{7A47B691-A4E2-426A-95BD-2C965C88BD7A}.Debug|x64.ActiveCfg = Debug|Any CPU
		{7A47B691-A4E2-426A-95BD-2C965C88BD7A}.Debug|x64.Build.0 = Debug|Any CPU
		{7A47B691-A4E2-426A-95BD-2C965C88BD7A}.Debug|x86.ActiveCfg = Debug|Any CPU
		{7A47B691-A4E2-426A-95BD-2C965C88BD7A}.Debug|x86.Build.0 = Debug|Any CPU
		{7A47B691-A4E2-426A-95BD-2C965C88BD7A}.Release|Any CPU.ActiveCfg = Release|Any CPU
		{7A47B691-A4E2-426A-95BD-2C965C88BD7A}.Release|Any CPU.Build.0 = Release|Any CPU
		{7A47B691-A4E2-426A-95BD-2C965C88BD7A}.Release|x64.ActiveCfg = Release|Any CPU
		{7A47B691-A4E2-426A-95BD-2C965C88BD7A}.Release|x64.Build.0 = Release|Any CPU
		{7A47B691-A4E2-426A-95BD-2C965C88BD7A}.Release|x86.ActiveCfg = Release|Any CPU
		{7A47B691-A4E2-426A-95BD-2C965C88BD7A}.Release|x86.Build.0 = Release|Any CPU
		{7896629F-DADA-4977-A9B1-B0DD5279D0EB}.Debug|Any CPU.ActiveCfg = Debug|Any CPU
		{7896629F-DADA-4977-A9B1-B0DD5279D0EB}.Debug|Any CPU.Build.0 = Debug|Any CPU
		{7896629F-DADA-4977-A9B1-B0DD5279D0EB}.Debug|x64.ActiveCfg = Debug|Any CPU
		{7896629F-DADA-4977-A9B1-B0DD5279D0EB}.Debug|x64.Build.0 = Debug|Any CPU
		{7896629F-DADA-4977-A9B1-B0DD5279D0EB}.Debug|x86.ActiveCfg = Debug|Any CPU
		{7896629F-DADA-4977-A9B1-B0DD5279D0EB}.Debug|x86.Build.0 = Debug|Any CPU
		{7896629F-DADA-4977-A9B1-B0DD5279D0EB}.Release|Any CPU.ActiveCfg = Release|Any CPU
		{7896629F-DADA-4977-A9B1-B0DD5279D0EB}.Release|Any CPU.Build.0 = Release|Any CPU
		{7896629F-DADA-4977-A9B1-B0DD5279D0EB}.Release|x64.ActiveCfg = Release|Any CPU
		{7896629F-DADA-4977-A9B1-B0DD5279D0EB}.Release|x64.Build.0 = Release|Any CPU
		{7896629F-DADA-4977-A9B1-B0DD5279D0EB}.Release|x86.ActiveCfg = Release|Any CPU
		{7896629F-DADA-4977-A9B1-B0DD5279D0EB}.Release|x86.Build.0 = Release|Any CPU
		{A263FF71-EA4F-492B-B992-3E3417C54417}.Debug|Any CPU.ActiveCfg = Debug|Any CPU
		{A263FF71-EA4F-492B-B992-3E3417C54417}.Debug|Any CPU.Build.0 = Debug|Any CPU
		{A263FF71-EA4F-492B-B992-3E3417C54417}.Debug|x64.ActiveCfg = Debug|Any CPU
		{A263FF71-EA4F-492B-B992-3E3417C54417}.Debug|x64.Build.0 = Debug|Any CPU
		{A263FF71-EA4F-492B-B992-3E3417C54417}.Debug|x86.ActiveCfg = Debug|Any CPU
		{A263FF71-EA4F-492B-B992-3E3417C54417}.Debug|x86.Build.0 = Debug|Any CPU
		{A263FF71-EA4F-492B-B992-3E3417C54417}.Release|Any CPU.ActiveCfg = Release|Any CPU
		{A263FF71-EA4F-492B-B992-3E3417C54417}.Release|Any CPU.Build.0 = Release|Any CPU
		{A263FF71-EA4F-492B-B992-3E3417C54417}.Release|x64.ActiveCfg = Release|Any CPU
		{A263FF71-EA4F-492B-B992-3E3417C54417}.Release|x64.Build.0 = Release|Any CPU
		{A263FF71-EA4F-492B-B992-3E3417C54417}.Release|x86.ActiveCfg = Release|Any CPU
		{A263FF71-EA4F-492B-B992-3E3417C54417}.Release|x86.Build.0 = Release|Any CPU
		{77D6EB6C-F583-4D96-98CB-73D8D5496FFD}.Debug|Any CPU.ActiveCfg = Debug|Any CPU
		{77D6EB6C-F583-4D96-98CB-73D8D5496FFD}.Debug|Any CPU.Build.0 = Debug|Any CPU
		{77D6EB6C-F583-4D96-98CB-73D8D5496FFD}.Debug|x64.ActiveCfg = Debug|Any CPU
		{77D6EB6C-F583-4D96-98CB-73D8D5496FFD}.Debug|x64.Build.0 = Debug|Any CPU
		{77D6EB6C-F583-4D96-98CB-73D8D5496FFD}.Debug|x86.ActiveCfg = Debug|Any CPU
		{77D6EB6C-F583-4D96-98CB-73D8D5496FFD}.Debug|x86.Build.0 = Debug|Any CPU
		{77D6EB6C-F583-4D96-98CB-73D8D5496FFD}.Release|Any CPU.ActiveCfg = Release|Any CPU
		{77D6EB6C-F583-4D96-98CB-73D8D5496FFD}.Release|Any CPU.Build.0 = Release|Any CPU
		{77D6EB6C-F583-4D96-98CB-73D8D5496FFD}.Release|x64.ActiveCfg = Release|Any CPU
		{77D6EB6C-F583-4D96-98CB-73D8D5496FFD}.Release|x64.Build.0 = Release|Any CPU
		{77D6EB6C-F583-4D96-98CB-73D8D5496FFD}.Release|x86.ActiveCfg = Release|Any CPU
		{77D6EB6C-F583-4D96-98CB-73D8D5496FFD}.Release|x86.Build.0 = Release|Any CPU
		{FF615B05-8181-4DA5-99F7-70549E64F57F}.Debug|Any CPU.ActiveCfg = Debug|Any CPU
		{FF615B05-8181-4DA5-99F7-70549E64F57F}.Debug|Any CPU.Build.0 = Debug|Any CPU
		{FF615B05-8181-4DA5-99F7-70549E64F57F}.Debug|x64.ActiveCfg = Debug|Any CPU
		{FF615B05-8181-4DA5-99F7-70549E64F57F}.Debug|x64.Build.0 = Debug|Any CPU
		{FF615B05-8181-4DA5-99F7-70549E64F57F}.Debug|x86.ActiveCfg = Debug|Any CPU
		{FF615B05-8181-4DA5-99F7-70549E64F57F}.Debug|x86.Build.0 = Debug|Any CPU
		{FF615B05-8181-4DA5-99F7-70549E64F57F}.Release|Any CPU.ActiveCfg = Release|Any CPU
		{FF615B05-8181-4DA5-99F7-70549E64F57F}.Release|Any CPU.Build.0 = Release|Any CPU
		{FF615B05-8181-4DA5-99F7-70549E64F57F}.Release|x64.ActiveCfg = Release|Any CPU
		{FF615B05-8181-4DA5-99F7-70549E64F57F}.Release|x64.Build.0 = Release|Any CPU
		{FF615B05-8181-4DA5-99F7-70549E64F57F}.Release|x86.ActiveCfg = Release|Any CPU
		{FF615B05-8181-4DA5-99F7-70549E64F57F}.Release|x86.Build.0 = Release|Any CPU
		{A242577C-1CD6-4B0B-A183-34BCCBF80A8B}.Debug|Any CPU.ActiveCfg = Debug|Any CPU
		{A242577C-1CD6-4B0B-A183-34BCCBF80A8B}.Debug|Any CPU.Build.0 = Debug|Any CPU
		{A242577C-1CD6-4B0B-A183-34BCCBF80A8B}.Debug|x64.ActiveCfg = Debug|Any CPU
		{A242577C-1CD6-4B0B-A183-34BCCBF80A8B}.Debug|x64.Build.0 = Debug|Any CPU
		{A242577C-1CD6-4B0B-A183-34BCCBF80A8B}.Debug|x86.ActiveCfg = Debug|Any CPU
		{A242577C-1CD6-4B0B-A183-34BCCBF80A8B}.Debug|x86.Build.0 = Debug|Any CPU
		{A242577C-1CD6-4B0B-A183-34BCCBF80A8B}.Release|Any CPU.ActiveCfg = Release|Any CPU
		{A242577C-1CD6-4B0B-A183-34BCCBF80A8B}.Release|Any CPU.Build.0 = Release|Any CPU
		{A242577C-1CD6-4B0B-A183-34BCCBF80A8B}.Release|x64.ActiveCfg = Release|Any CPU
		{A242577C-1CD6-4B0B-A183-34BCCBF80A8B}.Release|x64.Build.0 = Release|Any CPU
		{A242577C-1CD6-4B0B-A183-34BCCBF80A8B}.Release|x86.ActiveCfg = Release|Any CPU
		{A242577C-1CD6-4B0B-A183-34BCCBF80A8B}.Release|x86.Build.0 = Release|Any CPU
		{0C39E5CF-7A8B-4979-AD5E-3595C391B5BA}.Debug|Any CPU.ActiveCfg = Debug|Any CPU
		{0C39E5CF-7A8B-4979-AD5E-3595C391B5BA}.Debug|Any CPU.Build.0 = Debug|Any CPU
		{0C39E5CF-7A8B-4979-AD5E-3595C391B5BA}.Debug|x64.ActiveCfg = Debug|Any CPU
		{0C39E5CF-7A8B-4979-AD5E-3595C391B5BA}.Debug|x64.Build.0 = Debug|Any CPU
		{0C39E5CF-7A8B-4979-AD5E-3595C391B5BA}.Debug|x86.ActiveCfg = Debug|Any CPU
		{0C39E5CF-7A8B-4979-AD5E-3595C391B5BA}.Debug|x86.Build.0 = Debug|Any CPU
		{0C39E5CF-7A8B-4979-AD5E-3595C391B5BA}.Release|Any CPU.ActiveCfg = Release|Any CPU
		{0C39E5CF-7A8B-4979-AD5E-3595C391B5BA}.Release|Any CPU.Build.0 = Release|Any CPU
		{0C39E5CF-7A8B-4979-AD5E-3595C391B5BA}.Release|x64.ActiveCfg = Release|Any CPU
		{0C39E5CF-7A8B-4979-AD5E-3595C391B5BA}.Release|x64.Build.0 = Release|Any CPU
		{0C39E5CF-7A8B-4979-AD5E-3595C391B5BA}.Release|x86.ActiveCfg = Release|Any CPU
		{0C39E5CF-7A8B-4979-AD5E-3595C391B5BA}.Release|x86.Build.0 = Release|Any CPU
	EndGlobalSection
	GlobalSection(SolutionProperties) = preSolution
		HideSolutionNode = FALSE
	EndGlobalSection
	GlobalSection(NestedProjects) = preSolution
		{A741AE31-1484-48E2-89B3-0D12FB536CBE} = {797534D9-2EC4-4A05-BD83-A1311EF4F311}
		{5908A71E-7FF3-4F93-96E9-1BBF7C50CEBD} = {797534D9-2EC4-4A05-BD83-A1311EF4F311}
		{BD3478EE-89C0-428B-BDFA-A8323A5CD5B7} = {797534D9-2EC4-4A05-BD83-A1311EF4F311}
		{DECF8B70-E7E2-475D-8EFF-EFFEF3865F38} = {797534D9-2EC4-4A05-BD83-A1311EF4F311}
		{47EBC42D-FE8E-41DE-A4A2-5F3650528493} = {797534D9-2EC4-4A05-BD83-A1311EF4F311}
		{BF1745A2-664E-4097-BD2C-4E045EE1753A} = {797534D9-2EC4-4A05-BD83-A1311EF4F311}
		{D46CCC8B-BC38-4CF3-83C3-2FED4D45B668} = {797534D9-2EC4-4A05-BD83-A1311EF4F311}
		{6BF474D4-1C27-4007-BBB6-D2BBD35D970B} = {797534D9-2EC4-4A05-BD83-A1311EF4F311}
		{16632C0D-6671-4D05-85F4-9C004AA1E7C8} = {797534D9-2EC4-4A05-BD83-A1311EF4F311}
		{CEDB17DE-DA04-4350-95A1-4D2B60273C70} = {797534D9-2EC4-4A05-BD83-A1311EF4F311}
		{74FFE831-62FD-4224-8F02-5AA7FD82552A} = {797534D9-2EC4-4A05-BD83-A1311EF4F311}
		{8EC3F21F-AD17-4FC9-97EA-870B2592F082} = {797534D9-2EC4-4A05-BD83-A1311EF4F311}
		{D90B6EAB-7ACB-4D70-B01F-5D7BDABE5DCF} = {797534D9-2EC4-4A05-BD83-A1311EF4F311}
		{7D30D637-945C-42A2-B00B-DB9067350D8B} = {797534D9-2EC4-4A05-BD83-A1311EF4F311}
		{479E012D-4730-425E-8A37-7C0A1F3D2D4F} = {797534D9-2EC4-4A05-BD83-A1311EF4F311}
		{1FA5AA78-79C7-431D-A2DD-BCEE6EBDC221} = {797534D9-2EC4-4A05-BD83-A1311EF4F311}
		{519D30F0-8E67-4EAC-8542-81AD100ED946} = {797534D9-2EC4-4A05-BD83-A1311EF4F311}
		{85C3933F-E90B-40C8-B74A-870148F654E5} = {797534D9-2EC4-4A05-BD83-A1311EF4F311}
		{EB64812D-52E0-437F-B41D-6AF4A918CF8F} = {797534D9-2EC4-4A05-BD83-A1311EF4F311}
		{B906147D-2DAC-4A09-A278-F917A4B69CBC} = {797534D9-2EC4-4A05-BD83-A1311EF4F311}
		{36424BEA-A1A9-45EA-AC6F-E8A3D0099A61} = {797534D9-2EC4-4A05-BD83-A1311EF4F311}
		{6307BEF9-F7C5-4EED-BFFE-EDC65354D3C9} = {797534D9-2EC4-4A05-BD83-A1311EF4F311}
		{05443F17-C29F-444B-BF56-37B39DE6FA19} = {797534D9-2EC4-4A05-BD83-A1311EF4F311}
		{81DF9E9F-DD9B-4449-872F-851008F0081C} = {797534D9-2EC4-4A05-BD83-A1311EF4F311}
		{AA235F8E-9F0C-4672-A7C6-F4F8112C9AA9} = {797534D9-2EC4-4A05-BD83-A1311EF4F311}
		{99EFD220-5850-4843-BA87-58B003D51E2A} = {797534D9-2EC4-4A05-BD83-A1311EF4F311}
		{E38FAA6D-EBD8-4FB9-9FBE-D8A1766FEDB4} = {797534D9-2EC4-4A05-BD83-A1311EF4F311}
		{BFC8DA42-CD27-4550-84F7-B3F8921BDCFD} = {797534D9-2EC4-4A05-BD83-A1311EF4F311}
		{5892D74C-5E16-47B0-BE54-6FB05DE83D5D} = {797534D9-2EC4-4A05-BD83-A1311EF4F311}
		{C84FC947-8F1F-4FD3-B897-14EF73E46162} = {797534D9-2EC4-4A05-BD83-A1311EF4F311}
		{66B8490A-731F-4D48-B2CA-094900D29D49} = {797534D9-2EC4-4A05-BD83-A1311EF4F311}
		{947BF2F9-888C-4D2C-9323-FBE5B82893F6} = {797534D9-2EC4-4A05-BD83-A1311EF4F311}
		{AEFB3507-CB7D-4AAB-B680-B7DADBBCA4A5} = {797534D9-2EC4-4A05-BD83-A1311EF4F311}
		{01FD6646-A1F3-4905-92B4-6ED9C02F99E6} = {797534D9-2EC4-4A05-BD83-A1311EF4F311}
		{D450CCFE-5E16-40CF-81C4-DFAB6FC5613C} = {797534D9-2EC4-4A05-BD83-A1311EF4F311}
		{83FDBD28-9CEC-4866-BA0F-2DCE55C3A4F3} = {797534D9-2EC4-4A05-BD83-A1311EF4F311}
		{766A2A26-E8D0-4A48-B23F-28EA256CF5D3} = {797534D9-2EC4-4A05-BD83-A1311EF4F311}
		{9B9FBA40-7B2D-4346-9CAF-349E399EE9FF} = {797534D9-2EC4-4A05-BD83-A1311EF4F311}
		{0C101E2D-28B6-4A86-A706-EC3468AB9495} = {797534D9-2EC4-4A05-BD83-A1311EF4F311}
		{2D0AC696-2EBA-4B1E-9D5D-D97461A91725} = {797534D9-2EC4-4A05-BD83-A1311EF4F311}
		{4E15FAD5-C593-426A-94AE-5D5F1662C799} = {797534D9-2EC4-4A05-BD83-A1311EF4F311}
		{CEB1CA00-F188-430B-83D1-6E8A02CF7AA7} = {797534D9-2EC4-4A05-BD83-A1311EF4F311}
		{307A3986-E325-4BF4-A457-31BEA594EC9D} = {797534D9-2EC4-4A05-BD83-A1311EF4F311}
		{7CE2A275-BA7B-41A2-AEA2-9B5AA5776EA8} = {797534D9-2EC4-4A05-BD83-A1311EF4F311}
		{594A60C2-06F0-46CA-A79D-4A5151ECFC71} = {797534D9-2EC4-4A05-BD83-A1311EF4F311}
		{E21C2647-48CA-48DC-966C-4F5FCE6C41E6} = {797534D9-2EC4-4A05-BD83-A1311EF4F311}
		{3DE5D248-0496-4228-9F63-74B1FC05F1F4} = {797534D9-2EC4-4A05-BD83-A1311EF4F311}
		{393D43EA-7C7E-4DAF-97B4-57CC37091235} = {797534D9-2EC4-4A05-BD83-A1311EF4F311}
		{81726AB7-AC8D-44FB-B11A-779A4AA68842} = {797534D9-2EC4-4A05-BD83-A1311EF4F311}
		{9D04B27A-395A-405A-8B0A-C27CEC7C4DF2} = {797534D9-2EC4-4A05-BD83-A1311EF4F311}
		{2ABEF42B-73DC-43D9-B5F8-EF15CE95DEE6} = {797534D9-2EC4-4A05-BD83-A1311EF4F311}
		{00B1FB8B-5210-48BF-B29D-4D2E7DADF52B} = {797534D9-2EC4-4A05-BD83-A1311EF4F311}
		{40F5C675-AEEB-4D2C-B906-6D1041A35583} = {554FD419-314C-443B-B777-D4AD97DF95ED}
		{690218B6-5454-4186-BAAD-3A3226D36F2F} = {2D9DF0CB-672E-48D0-B36B-E3A6CA24E1B6}
		{7C053004-5FC5-4A7F-935A-895ED30E1996} = {2D9DF0CB-672E-48D0-B36B-E3A6CA24E1B6}
		{FD2FB5DE-050F-4BB6-BDE0-0546D6F09997} = {2D9DF0CB-672E-48D0-B36B-E3A6CA24E1B6}
		{FE090569-882A-4049-A441-3CA9CCC900B1} = {2D9DF0CB-672E-48D0-B36B-E3A6CA24E1B6}
		{FBD744F8-22A7-4D2F-8AC1-8A274B1FC4F9} = {2D9DF0CB-672E-48D0-B36B-E3A6CA24E1B6}
		{4040C7E7-04DD-4EE5-A231-282181A4C7D5} = {797534D9-2EC4-4A05-BD83-A1311EF4F311}
		{246BA008-D0EF-4A1A-AF28-8C769A42556F} = {797534D9-2EC4-4A05-BD83-A1311EF4F311}
		{E1F00313-FE95-4E68-807D-4604ACA3C619} = {797534D9-2EC4-4A05-BD83-A1311EF4F311}
		{A28B48E8-CBBD-44C1-8BF1-2E34F9B28A1B} = {797534D9-2EC4-4A05-BD83-A1311EF4F311}
		{9FA85683-54FB-4659-8E22-0C8A2CAD8DD6} = {797534D9-2EC4-4A05-BD83-A1311EF4F311}
		{D5D79EBE-A35D-4873-935D-4838386C79D6} = {797534D9-2EC4-4A05-BD83-A1311EF4F311}
		{205D39BA-AEBA-40F2-92F7-71A4DCDC6991} = {797534D9-2EC4-4A05-BD83-A1311EF4F311}
		{8A1D5074-A63B-41F5-81A1-D8B31890E0F1} = {797534D9-2EC4-4A05-BD83-A1311EF4F311}
		{E7FFF7CE-1306-42D5-A2B7-1AF91A8CF812} = {797534D9-2EC4-4A05-BD83-A1311EF4F311}
		{7A47B691-A4E2-426A-95BD-2C965C88BD7A} = {797534D9-2EC4-4A05-BD83-A1311EF4F311}
		{7896629F-DADA-4977-A9B1-B0DD5279D0EB} = {797534D9-2EC4-4A05-BD83-A1311EF4F311}
		{A263FF71-EA4F-492B-B992-3E3417C54417} = {797534D9-2EC4-4A05-BD83-A1311EF4F311}
		{77D6EB6C-F583-4D96-98CB-73D8D5496FFD} = {797534D9-2EC4-4A05-BD83-A1311EF4F311}
		{FF615B05-8181-4DA5-99F7-70549E64F57F} = {797534D9-2EC4-4A05-BD83-A1311EF4F311}
		{A242577C-1CD6-4B0B-A183-34BCCBF80A8B} = {797534D9-2EC4-4A05-BD83-A1311EF4F311}
		{0C39E5CF-7A8B-4979-AD5E-3595C391B5BA} = {797534D9-2EC4-4A05-BD83-A1311EF4F311}
	EndGlobalSection
EndGlobal
